// !$*UTF8*$!
{
	archiveVersion = 1;
	classes = {
	};
	objectVersion = 46;
	objects = {

/* Begin PBXBuildFile section */
		026314F1AFFCE13E8D9DBFEE /* Pods_BitTraderTests.framework in Frameworks */ = {isa = PBXBuildFile; fileRef = 71653296D47E56926068FCF7 /* Pods_BitTraderTests.framework */; };
		07069C9F1DE16DCF002CEC31 /* BitflyerSendChildOrderRequest.swift in Sources */ = {isa = PBXBuildFile; fileRef = 07069C9E1DE16DCF002CEC31 /* BitflyerSendChildOrderRequest.swift */; };
		07069CA11DE16DDA002CEC31 /* BitflyerSendChildOrderResponse.swift in Sources */ = {isa = PBXBuildFile; fileRef = 07069CA01DE16DDA002CEC31 /* BitflyerSendChildOrderResponse.swift */; };
		07069CA31DE17333002CEC31 /* BitflyerSendChildOrderRequestParameter.swift in Sources */ = {isa = PBXBuildFile; fileRef = 07069CA21DE17333002CEC31 /* BitflyerSendChildOrderRequestParameter.swift */; };
		07069CA61DE17E8D002CEC31 /* BitflyerCancelChildOrderRequest.swift in Sources */ = {isa = PBXBuildFile; fileRef = 07069CA51DE17E8D002CEC31 /* BitflyerCancelChildOrderRequest.swift */; };
		07069CA81DE17E99002CEC31 /* BitflyerCancelChildOrderResponse.swift in Sources */ = {isa = PBXBuildFile; fileRef = 07069CA71DE17E99002CEC31 /* BitflyerCancelChildOrderResponse.swift */; };
		07069CAA1DE17EAA002CEC31 /* BitflyerCancelChildOrderParameter.swift in Sources */ = {isa = PBXBuildFile; fileRef = 07069CA91DE17EAA002CEC31 /* BitflyerCancelChildOrderParameter.swift */; };
		07069CAC1DE19BD4002CEC31 /* BitflyerGetHealthRequestParameter.swift in Sources */ = {isa = PBXBuildFile; fileRef = 07069CAB1DE19BD4002CEC31 /* BitflyerGetHealthRequestParameter.swift */; };
		07069CAE1DE19C2D002CEC31 /* BitflyerTickerRequestParameter.swift in Sources */ = {isa = PBXBuildFile; fileRef = 07069CAD1DE19C2D002CEC31 /* BitflyerTickerRequestParameter.swift */; };
		07069CB01DE19C64002CEC31 /* BitflyerGetBalanceRequestParameter.swift in Sources */ = {isa = PBXBuildFile; fileRef = 07069CAF1DE19C64002CEC31 /* BitflyerGetBalanceRequestParameter.swift */; };
		07097DD51DC8C8CF00A08EEA /* StringUtils.swift in Sources */ = {isa = PBXBuildFile; fileRef = 07097DD41DC8C8CF00A08EEA /* StringUtils.swift */; };
		072441861DACBEB40059E872 /* RegistKeyViewController.swift in Sources */ = {isa = PBXBuildFile; fileRef = 072441831DACBEB40059E872 /* RegistKeyViewController.swift */; };
		072441871DACBEB40059E872 /* RegistKeyViewController.xib in Resources */ = {isa = PBXBuildFile; fileRef = 072441841DACBEB40059E872 /* RegistKeyViewController.xib */; };
		072441881DACBEB40059E872 /* RegistKeyViewModel.swift in Sources */ = {isa = PBXBuildFile; fileRef = 072441851DACBEB40059E872 /* RegistKeyViewModel.swift */; };
		0724418F1DACC1D40059E872 /* MarketRootViewController.swift in Sources */ = {isa = PBXBuildFile; fileRef = 0724418D1DACC1D40059E872 /* MarketRootViewController.swift */; };
		072441901DACC1D40059E872 /* MarketRootViewController.xib in Resources */ = {isa = PBXBuildFile; fileRef = 0724418E1DACC1D40059E872 /* MarketRootViewController.xib */; };
		072441931DACC1E70059E872 /* MenuRootViewController.swift in Sources */ = {isa = PBXBuildFile; fileRef = 072441911DACC1E70059E872 /* MenuRootViewController.swift */; };
		072441941DACC1E70059E872 /* MenuRootViewController.xib in Resources */ = {isa = PBXBuildFile; fileRef = 072441921DACC1E70059E872 /* MenuRootViewController.xib */; };
		072441971DACC1FB0059E872 /* ReferenceRootViewController.swift in Sources */ = {isa = PBXBuildFile; fileRef = 072441951DACC1FB0059E872 /* ReferenceRootViewController.swift */; };
		072441981DACC1FB0059E872 /* ReferenceRootViewController.xib in Resources */ = {isa = PBXBuildFile; fileRef = 072441961DACC1FB0059E872 /* ReferenceRootViewController.xib */; };
		0724419B1DACC20A0059E872 /* TradeRootViewController.swift in Sources */ = {isa = PBXBuildFile; fileRef = 072441991DACC20A0059E872 /* TradeRootViewController.swift */; };
		0724419C1DACC20A0059E872 /* TradeRootViewController.xib in Resources */ = {isa = PBXBuildFile; fileRef = 0724419A1DACC20A0059E872 /* TradeRootViewController.xib */; };
		0724419E1DACCA230059E872 /* BitTraderTabViewController.swift in Sources */ = {isa = PBXBuildFile; fileRef = 0724419D1DACCA230059E872 /* BitTraderTabViewController.swift */; };
		072441A51DADD5E90059E872 /* BTCChangerViewController.swift in Sources */ = {isa = PBXBuildFile; fileRef = 072441A31DADD5E90059E872 /* BTCChangerViewController.swift */; };
		072441AA1DADD6F30059E872 /* MenuListViewController.swift in Sources */ = {isa = PBXBuildFile; fileRef = 072441A81DADD6F30059E872 /* MenuListViewController.swift */; };
		072441AB1DADD6F30059E872 /* MenuListViewController.xib in Resources */ = {isa = PBXBuildFile; fileRef = 072441A91DADD6F30059E872 /* MenuListViewController.xib */; };
		072441AD1DADD7080059E872 /* MenuListViewModel.swift in Sources */ = {isa = PBXBuildFile; fileRef = 072441AC1DADD7080059E872 /* MenuListViewModel.swift */; };
		072441B01DADFA570059E872 /* Protocol.swift in Sources */ = {isa = PBXBuildFile; fileRef = 072441AF1DADFA570059E872 /* Protocol.swift */; };
		072441B31DAE03120059E872 /* PlusMinusInputField.swift in Sources */ = {isa = PBXBuildFile; fileRef = 072441B21DAE03120059E872 /* PlusMinusInputField.swift */; };
		072441B51DAE03980059E872 /* PlusMinusInputField.xib in Resources */ = {isa = PBXBuildFile; fileRef = 072441B41DAE03980059E872 /* PlusMinusInputField.xib */; };
		072B67411DAA7A0900F276AF /* Extension.swift in Sources */ = {isa = PBXBuildFile; fileRef = 072B67401DAA7A0900F276AF /* Extension.swift */; };
		073A01CE1DDB3644001F6E9D /* PlusMinusInputField+Rx.swift in Sources */ = {isa = PBXBuildFile; fileRef = 073A01CD1DDB3644001F6E9D /* PlusMinusInputField+Rx.swift */; };
		073A01D01DDB3705001F6E9D /* RxPlusMinusInputFieldDelegateProxy.swift in Sources */ = {isa = PBXBuildFile; fileRef = 073A01CF1DDB3705001F6E9D /* RxPlusMinusInputFieldDelegateProxy.swift */; };
		07932C681DBCDD6600E38530 /* RateListViewController.swift in Sources */ = {isa = PBXBuildFile; fileRef = 07932C661DBCDD6600E38530 /* RateListViewController.swift */; };
		07932C6B1DBCEEB300E38530 /* RateListViewModel.swift in Sources */ = {isa = PBXBuildFile; fileRef = 07932C6A1DBCEEB300E38530 /* RateListViewModel.swift */; };
		07932C711DBD023100E38530 /* RateViewModel.swift in Sources */ = {isa = PBXBuildFile; fileRef = 07932C701DBD023100E38530 /* RateViewModel.swift */; };
		07932C741DBD035F00E38530 /* RateTableViewCell.swift in Sources */ = {isa = PBXBuildFile; fileRef = 07932C721DBD035F00E38530 /* RateTableViewCell.swift */; };
		07932C751DBD035F00E38530 /* RateTableViewCell.xib in Resources */ = {isa = PBXBuildFile; fileRef = 07932C731DBD035F00E38530 /* RateTableViewCell.xib */; };
		079E4A7A1DC630770004EB78 /* RateList.storyboard in Resources */ = {isa = PBXBuildFile; fileRef = 079E4A791DC630770004EB78 /* RateList.storyboard */; };
		07AFA1741DD84DE200A8B981 /* OrderListAction.swift in Sources */ = {isa = PBXBuildFile; fileRef = 07AFA1731DD84DE200A8B981 /* OrderListAction.swift */; };
		07AFA1761DD84E9600A8B981 /* OrderListReducer.swift in Sources */ = {isa = PBXBuildFile; fileRef = 07AFA1751DD84E9600A8B981 /* OrderListReducer.swift */; };
		07AFA1791DD8571400A8B981 /* OrderListTableViewCell.swift in Sources */ = {isa = PBXBuildFile; fileRef = 07AFA1771DD8571400A8B981 /* OrderListTableViewCell.swift */; };
		07AFA17C1DD89CBC00A8B981 /* OrderListTableViewCell.xib in Resources */ = {isa = PBXBuildFile; fileRef = 07AFA17B1DD89CBC00A8B981 /* OrderListTableViewCell.xib */; };
		07B854471DAF2D84009E3181 /* BTCChangerViewController.xib in Resources */ = {isa = PBXBuildFile; fileRef = 07B854461DAF2D84009E3181 /* BTCChangerViewController.xib */; };
		07B854551DB1C11F009E3181 /* BTCChangerViewModel.swift in Sources */ = {isa = PBXBuildFile; fileRef = 07B854541DB1C11F009E3181 /* BTCChangerViewModel.swift */; };
		07B8545A1DB1DCE8009E3181 /* NumberPadViewController.swift in Sources */ = {isa = PBXBuildFile; fileRef = 07B854581DB1DCE8009E3181 /* NumberPadViewController.swift */; };
		07B8545B1DB1DCE8009E3181 /* NumberPadViewController.xib in Resources */ = {isa = PBXBuildFile; fileRef = 07B854591DB1DCE8009E3181 /* NumberPadViewController.xib */; };
		07B8545D1DB1ECEF009E3181 /* NumberPadAction.swift in Sources */ = {isa = PBXBuildFile; fileRef = 07B8545C1DB1ECEF009E3181 /* NumberPadAction.swift */; };
		07B8545F1DB205DB009E3181 /* NumberPadState.swift in Sources */ = {isa = PBXBuildFile; fileRef = 07B8545E1DB205DB009E3181 /* NumberPadState.swift */; };
		07B854621DB24F83009E3181 /* IndentLabel.swift in Sources */ = {isa = PBXBuildFile; fileRef = 07B854611DB24F83009E3181 /* IndentLabel.swift */; };
		07B854641DB25EAE009E3181 /* NumberPadStateTests.swift in Sources */ = {isa = PBXBuildFile; fileRef = 07B854631DB25EAE009E3181 /* NumberPadStateTests.swift */; };
		07BD52011DA3DECD00DA54B8 /* LaunchScreen.storyboard in Resources */ = {isa = PBXBuildFile; fileRef = 07BD51FF1DA3DECD00DA54B8 /* LaunchScreen.storyboard */; };
		07BD52171DA3DECD00DA54B8 /* BitTraderUITests.swift in Sources */ = {isa = PBXBuildFile; fileRef = 07BD52161DA3DECD00DA54B8 /* BitTraderUITests.swift */; };
		07BD522A1DA3E4AE00DA54B8 /* AppDelegate.swift in Sources */ = {isa = PBXBuildFile; fileRef = 07BD52281DA3E4AE00DA54B8 /* AppDelegate.swift */; };
		07BD522E1DA3E67A00DA54B8 /* Assets.xcassets in Resources */ = {isa = PBXBuildFile; fileRef = 07BD522D1DA3E67A00DA54B8 /* Assets.xcassets */; };
		07BDF9B81DD1F55E006C99CA /* PagerViewController.swift in Sources */ = {isa = PBXBuildFile; fileRef = 07BDF9B61DD1F55E006C99CA /* PagerViewController.swift */; };
		07BDF9B91DD1F55E006C99CA /* PagerViewController.xib in Resources */ = {isa = PBXBuildFile; fileRef = 07BDF9B71DD1F55E006C99CA /* PagerViewController.xib */; };
		07BDF9BD1DD370A5006C99CA /* OrderListViewController.swift in Sources */ = {isa = PBXBuildFile; fileRef = 07BDF9BB1DD370A5006C99CA /* OrderListViewController.swift */; };
		07BDF9BE1DD370A5006C99CA /* OrderListViewController.xib in Resources */ = {isa = PBXBuildFile; fileRef = 07BDF9BC1DD370A5006C99CA /* OrderListViewController.xib */; };
		07C7CC591DD4B50E00F7A398 /* OrderListState.swift in Sources */ = {isa = PBXBuildFile; fileRef = 07C7CC581DD4B50E00F7A398 /* OrderListState.swift */; };
		07DCBF291DCB718E00B60008 /* PositionListViewController.swift in Sources */ = {isa = PBXBuildFile; fileRef = 07DCBF271DCB718E00B60008 /* PositionListViewController.swift */; };
		07DCBF2A1DCB718E00B60008 /* PositionListViewController.xib in Resources */ = {isa = PBXBuildFile; fileRef = 07DCBF281DCB718E00B60008 /* PositionListViewController.xib */; };
		07DCBF2C1DCB734800B60008 /* PositionListViewModel.swift in Sources */ = {isa = PBXBuildFile; fileRef = 07DCBF2B1DCB734800B60008 /* PositionListViewModel.swift */; };
		07DCBF2F1DCB737600B60008 /* PositionTableViewCell.swift in Sources */ = {isa = PBXBuildFile; fileRef = 07DCBF2D1DCB737600B60008 /* PositionTableViewCell.swift */; };
		07DCBF301DCB737600B60008 /* PositionTableViewCell.xib in Resources */ = {isa = PBXBuildFile; fileRef = 07DCBF2E1DCB737600B60008 /* PositionTableViewCell.xib */; };
		07FAE3291DA778E500089136 /* RootViewController.swift in Sources */ = {isa = PBXBuildFile; fileRef = 07FAE3281DA778E500089136 /* RootViewController.swift */; };
		07FAE3301DA77CE600089136 /* RootViewController.xib in Resources */ = {isa = PBXBuildFile; fileRef = 07FAE32F1DA77CE600089136 /* RootViewController.xib */; };
		07FAE3341DA7BA2500089136 /* AppStatus.swift in Sources */ = {isa = PBXBuildFile; fileRef = 07FAE3331DA7BA2500089136 /* AppStatus.swift */; };
		82857357A68650A1A1556799 /* Pods_BitTrader.framework in Frameworks */ = {isa = PBXBuildFile; fileRef = E525F9CF272892EAA3DF1AA6 /* Pods_BitTrader.framework */; };
		BA4FA21E1DDDF25B001038E5 /* ApiKitApiExecuter.swift in Sources */ = {isa = PBXBuildFile; fileRef = BA4FA21C1DDDF25B001038E5 /* ApiKitApiExecuter.swift */; };
		BA4FA21F1DDDF25B001038E5 /* ApiKitApiExecuterProtocol.swift in Sources */ = {isa = PBXBuildFile; fileRef = BA4FA21D1DDDF25B001038E5 /* ApiKitApiExecuterProtocol.swift */; };
		BA4FA2211DDDF262001038E5 /* ApiKitRequestProtocol.swift in Sources */ = {isa = PBXBuildFile; fileRef = BA4FA2201DDDF262001038E5 /* ApiKitRequestProtocol.swift */; };
		BA4FA22E1DDDF654001038E5 /* BitflyerBoardModel.swift in Sources */ = {isa = PBXBuildFile; fileRef = BA4FA22A1DDDF654001038E5 /* BitflyerBoardModel.swift */; };
		BA4FA22F1DDDF654001038E5 /* BitflyerGetBoardRequest.swift in Sources */ = {isa = PBXBuildFile; fileRef = BA4FA22B1DDDF654001038E5 /* BitflyerGetBoardRequest.swift */; };
		BA4FA2301DDDF654001038E5 /* BitflyerGetBoardRequestParameter.swift in Sources */ = {isa = PBXBuildFile; fileRef = BA4FA22C1DDDF654001038E5 /* BitflyerGetBoardRequestParameter.swift */; };
		BA4FA2311DDDF654001038E5 /* BitflyerGetBoardResponse.swift in Sources */ = {isa = PBXBuildFile; fileRef = BA4FA22D1DDDF654001038E5 /* BitflyerGetBoardResponse.swift */; };
		BA4FA2341DDDF65B001038E5 /* BitflyerGetHealthRequest.swift in Sources */ = {isa = PBXBuildFile; fileRef = BA4FA2321DDDF65B001038E5 /* BitflyerGetHealthRequest.swift */; };
		BA4FA2351DDDF65B001038E5 /* BitflyerGetHealthResponse.swift in Sources */ = {isa = PBXBuildFile; fileRef = BA4FA2331DDDF65B001038E5 /* BitflyerGetHealthResponse.swift */; };
		BA4FA23D1DDDF695001038E5 /* BitflyerGetPositionsParameter.swift in Sources */ = {isa = PBXBuildFile; fileRef = BA4FA2391DDDF695001038E5 /* BitflyerGetPositionsParameter.swift */; };
		BA4FA23E1DDDF695001038E5 /* BitflyerGetPositionsRequest.swift in Sources */ = {isa = PBXBuildFile; fileRef = BA4FA23A1DDDF695001038E5 /* BitflyerGetPositionsRequest.swift */; };
		BA4FA23F1DDDF695001038E5 /* BitflyerGetPositionsResponse.swift in Sources */ = {isa = PBXBuildFile; fileRef = BA4FA23B1DDDF695001038E5 /* BitflyerGetPositionsResponse.swift */; };
		BA4FA2401DDDF695001038E5 /* BitflyerPositionModel.swift in Sources */ = {isa = PBXBuildFile; fileRef = BA4FA23C1DDDF695001038E5 /* BitflyerPositionModel.swift */; };
		BA4FA2451DDDF69D001038E5 /* BitflyerGetChildOrdersParameter.swift in Sources */ = {isa = PBXBuildFile; fileRef = BA4FA2411DDDF69D001038E5 /* BitflyerGetChildOrdersParameter.swift */; };
		BA4FA2461DDDF69D001038E5 /* BitflyerGetChildOrdersRequest.swift in Sources */ = {isa = PBXBuildFile; fileRef = BA4FA2421DDDF69D001038E5 /* BitflyerGetChildOrdersRequest.swift */; };
		BA4FA2471DDDF69D001038E5 /* BitflyerGetChildOrdersResponse.swift in Sources */ = {isa = PBXBuildFile; fileRef = BA4FA2431DDDF69D001038E5 /* BitflyerGetChildOrdersResponse.swift */; };
		BA4FA2481DDDF69D001038E5 /* BitflyerOrderModel.swift in Sources */ = {isa = PBXBuildFile; fileRef = BA4FA2441DDDF69D001038E5 /* BitflyerOrderModel.swift */; };
		BA4FA24C1DDDF6A4001038E5 /* BitflyerBalanceModel.swift in Sources */ = {isa = PBXBuildFile; fileRef = BA4FA2491DDDF6A4001038E5 /* BitflyerBalanceModel.swift */; };
		BA4FA24D1DDDF6A4001038E5 /* BitflyerGetBalanceRequest.swift in Sources */ = {isa = PBXBuildFile; fileRef = BA4FA24A1DDDF6A4001038E5 /* BitflyerGetBalanceRequest.swift */; };
		BA4FA24E1DDDF6A4001038E5 /* BitflyerGetBalanceResponse.swift in Sources */ = {isa = PBXBuildFile; fileRef = BA4FA24B1DDDF6A4001038E5 /* BitflyerGetBalanceResponse.swift */; };
		BA4FA2511DDDF6B0001038E5 /* BitTraderPrivateRequest.swift in Sources */ = {isa = PBXBuildFile; fileRef = BA4FA24F1DDDF6B0001038E5 /* BitTraderPrivateRequest.swift */; };
		BA4FA2521DDDF6B0001038E5 /* BitTraderRequest.swift in Sources */ = {isa = PBXBuildFile; fileRef = BA4FA2501DDDF6B0001038E5 /* BitTraderRequest.swift */; };
		BA4FA2541DDDF6BA001038E5 /* BitflyerApiEnum.swift in Sources */ = {isa = PBXBuildFile; fileRef = BA4FA2531DDDF6BA001038E5 /* BitflyerApiEnum.swift */; };
		BA51DEC31DCEE59800D5029B /* NumberPadViewController+RxCreate.swift in Sources */ = {isa = PBXBuildFile; fileRef = BA51DEC21DCEE59800D5029B /* NumberPadViewController+RxCreate.swift */; };
		BA699AE61DD0D369007B650F /* RxNumberPadViewDelegateProxy.swift in Sources */ = {isa = PBXBuildFile; fileRef = BA699AE51DD0D369007B650F /* RxNumberPadViewDelegateProxy.swift */; };
		BA699AE81DD0D5F6007B650F /* NumberPadViewController+Rx.swift in Sources */ = {isa = PBXBuildFile; fileRef = BA699AE71DD0D5F6007B650F /* NumberPadViewController+Rx.swift */; };
		BA76BE491DDF2AF2005514AC /* BtcBoxRequest.swift in Sources */ = {isa = PBXBuildFile; fileRef = BA76BE481DDF2AF2005514AC /* BtcBoxRequest.swift */; };
		BA76BE4B1DDF2AFE005514AC /* ZaifRequest.swift in Sources */ = {isa = PBXBuildFile; fileRef = BA76BE4A1DDF2AFE005514AC /* ZaifRequest.swift */; };
		BA76BE4D1DDF2B0D005514AC /* KrakenRequest.swift in Sources */ = {isa = PBXBuildFile; fileRef = BA76BE4C1DDF2B0D005514AC /* KrakenRequest.swift */; };
		BA76BE591DDF2C44005514AC /* BtcBoxTickerRequest.swift in Sources */ = {isa = PBXBuildFile; fileRef = BA76BE581DDF2C44005514AC /* BtcBoxTickerRequest.swift */; };
		BA76BE5B1DDF2C50005514AC /* KrakenTickerRequest.swift in Sources */ = {isa = PBXBuildFile; fileRef = BA76BE5A1DDF2C50005514AC /* KrakenTickerRequest.swift */; };
		BA76BE5D1DDF2C7F005514AC /* ZaifTickerRequest.swift in Sources */ = {isa = PBXBuildFile; fileRef = BA76BE5C1DDF2C7F005514AC /* ZaifTickerRequest.swift */; };
		BA76BE5F1DDF2C96005514AC /* ZaifTickerResponse.swift in Sources */ = {isa = PBXBuildFile; fileRef = BA76BE5E1DDF2C96005514AC /* ZaifTickerResponse.swift */; };
		BA76BE611DDF2CA1005514AC /* KrakenTickerResponse.swift in Sources */ = {isa = PBXBuildFile; fileRef = BA76BE601DDF2CA1005514AC /* KrakenTickerResponse.swift */; };
		BA76BE631DDF2CAB005514AC /* BtcBoxTickerResponse.swift in Sources */ = {isa = PBXBuildFile; fileRef = BA76BE621DDF2CAB005514AC /* BtcBoxTickerResponse.swift */; };
		BA76BE6C1DDF2F32005514AC /* CoincheckTickerRequest.swift in Sources */ = {isa = PBXBuildFile; fileRef = BA76BE6A1DDF2F32005514AC /* CoincheckTickerRequest.swift */; };
		BA76BE6D1DDF2F32005514AC /* CoincheckTickerResponse.swift in Sources */ = {isa = PBXBuildFile; fileRef = BA76BE6B1DDF2F32005514AC /* CoincheckTickerResponse.swift */; };
		BA76BE701DDF2FEE005514AC /* BitflyerTickerRequest.swift in Sources */ = {isa = PBXBuildFile; fileRef = BA76BE6F1DDF2FEE005514AC /* BitflyerTickerRequest.swift */; };
		BA76BE721DDF3007005514AC /* BitflyerTickerResponse.swift in Sources */ = {isa = PBXBuildFile; fileRef = BA76BE711DDF3007005514AC /* BitflyerTickerResponse.swift */; };
		BA76BE741DDF30EF005514AC /* CoincheckRequest.swift in Sources */ = {isa = PBXBuildFile; fileRef = BA76BE731DDF30EF005514AC /* CoincheckRequest.swift */; };
		BA9672851DDCBABC00AB6384 /* RequestProtocol.swift in Sources */ = {isa = PBXBuildFile; fileRef = BA9672841DDCBABC00AB6384 /* RequestProtocol.swift */; };
		BA96728F1DDCBDEA00AB6384 /* Api.swift in Sources */ = {isa = PBXBuildFile; fileRef = BA96728E1DDCBDEA00AB6384 /* Api.swift */; };
		BA9672931DDCBE2900AB6384 /* ApiExecuterProtocol.swift in Sources */ = {isa = PBXBuildFile; fileRef = BA9672911DDCBE2900AB6384 /* ApiExecuterProtocol.swift */; };
		BAD390221DDF8C8D001FA3F5 /* ResultModel.swift in Sources */ = {isa = PBXBuildFile; fileRef = BAD390211DDF8C8D001FA3F5 /* ResultModel.swift */; };
		BAD390241DDF8D38001FA3F5 /* KrakenTickerModel.swift in Sources */ = {isa = PBXBuildFile; fileRef = BAD390231DDF8D38001FA3F5 /* KrakenTickerModel.swift */; };
/* End PBXBuildFile section */

/* Begin PBXContainerItemProxy section */
		07BD52081DA3DECD00DA54B8 /* PBXContainerItemProxy */ = {
			isa = PBXContainerItemProxy;
			containerPortal = 07BD51EB1DA3DECD00DA54B8 /* Project object */;
			proxyType = 1;
			remoteGlobalIDString = 07BD51F21DA3DECD00DA54B8;
			remoteInfo = BitTrader;
		};
		07BD52131DA3DECD00DA54B8 /* PBXContainerItemProxy */ = {
			isa = PBXContainerItemProxy;
			containerPortal = 07BD51EB1DA3DECD00DA54B8 /* Project object */;
			proxyType = 1;
			remoteGlobalIDString = 07BD51F21DA3DECD00DA54B8;
			remoteInfo = BitTrader;
		};
/* End PBXContainerItemProxy section */

/* Begin PBXFileReference section */
		07069C9E1DE16DCF002CEC31 /* BitflyerSendChildOrderRequest.swift */ = {isa = PBXFileReference; fileEncoding = 4; lastKnownFileType = sourcecode.swift; path = BitflyerSendChildOrderRequest.swift; sourceTree = "<group>"; };
		07069CA01DE16DDA002CEC31 /* BitflyerSendChildOrderResponse.swift */ = {isa = PBXFileReference; fileEncoding = 4; lastKnownFileType = sourcecode.swift; path = BitflyerSendChildOrderResponse.swift; sourceTree = "<group>"; };
		07069CA21DE17333002CEC31 /* BitflyerSendChildOrderRequestParameter.swift */ = {isa = PBXFileReference; fileEncoding = 4; lastKnownFileType = sourcecode.swift; path = BitflyerSendChildOrderRequestParameter.swift; sourceTree = "<group>"; };
		07069CA51DE17E8D002CEC31 /* BitflyerCancelChildOrderRequest.swift */ = {isa = PBXFileReference; fileEncoding = 4; lastKnownFileType = sourcecode.swift; path = BitflyerCancelChildOrderRequest.swift; sourceTree = "<group>"; };
		07069CA71DE17E99002CEC31 /* BitflyerCancelChildOrderResponse.swift */ = {isa = PBXFileReference; fileEncoding = 4; lastKnownFileType = sourcecode.swift; path = BitflyerCancelChildOrderResponse.swift; sourceTree = "<group>"; };
		07069CA91DE17EAA002CEC31 /* BitflyerCancelChildOrderParameter.swift */ = {isa = PBXFileReference; fileEncoding = 4; lastKnownFileType = sourcecode.swift; path = BitflyerCancelChildOrderParameter.swift; sourceTree = "<group>"; };
		07069CAB1DE19BD4002CEC31 /* BitflyerGetHealthRequestParameter.swift */ = {isa = PBXFileReference; fileEncoding = 4; lastKnownFileType = sourcecode.swift; path = BitflyerGetHealthRequestParameter.swift; sourceTree = "<group>"; };
		07069CAD1DE19C2D002CEC31 /* BitflyerTickerRequestParameter.swift */ = {isa = PBXFileReference; fileEncoding = 4; lastKnownFileType = sourcecode.swift; path = BitflyerTickerRequestParameter.swift; sourceTree = "<group>"; };
		07069CAF1DE19C64002CEC31 /* BitflyerGetBalanceRequestParameter.swift */ = {isa = PBXFileReference; fileEncoding = 4; lastKnownFileType = sourcecode.swift; path = BitflyerGetBalanceRequestParameter.swift; sourceTree = "<group>"; };
		07097DD41DC8C8CF00A08EEA /* StringUtils.swift */ = {isa = PBXFileReference; fileEncoding = 4; lastKnownFileType = sourcecode.swift; path = StringUtils.swift; sourceTree = "<group>"; };
		070E9E291DA66F1B0095A671 /* Info.plist */ = {isa = PBXFileReference; fileEncoding = 4; lastKnownFileType = text.plist.xml; path = Info.plist; sourceTree = "<group>"; };
		072441791DAC8C760059E872 /* BitTrader.entitlements */ = {isa = PBXFileReference; fileEncoding = 4; lastKnownFileType = text.plist.entitlements; path = BitTrader.entitlements; sourceTree = "<group>"; };
		072441831DACBEB40059E872 /* RegistKeyViewController.swift */ = {isa = PBXFileReference; fileEncoding = 4; lastKnownFileType = sourcecode.swift; path = RegistKeyViewController.swift; sourceTree = "<group>"; };
		072441841DACBEB40059E872 /* RegistKeyViewController.xib */ = {isa = PBXFileReference; fileEncoding = 4; lastKnownFileType = file.xib; path = RegistKeyViewController.xib; sourceTree = "<group>"; };
		072441851DACBEB40059E872 /* RegistKeyViewModel.swift */ = {isa = PBXFileReference; fileEncoding = 4; lastKnownFileType = sourcecode.swift; path = RegistKeyViewModel.swift; sourceTree = "<group>"; };
		0724418D1DACC1D40059E872 /* MarketRootViewController.swift */ = {isa = PBXFileReference; fileEncoding = 4; lastKnownFileType = sourcecode.swift; path = MarketRootViewController.swift; sourceTree = "<group>"; };
		0724418E1DACC1D40059E872 /* MarketRootViewController.xib */ = {isa = PBXFileReference; fileEncoding = 4; lastKnownFileType = file.xib; path = MarketRootViewController.xib; sourceTree = "<group>"; };
		072441911DACC1E70059E872 /* MenuRootViewController.swift */ = {isa = PBXFileReference; fileEncoding = 4; lastKnownFileType = sourcecode.swift; path = MenuRootViewController.swift; sourceTree = "<group>"; };
		072441921DACC1E70059E872 /* MenuRootViewController.xib */ = {isa = PBXFileReference; fileEncoding = 4; lastKnownFileType = file.xib; path = MenuRootViewController.xib; sourceTree = "<group>"; };
		072441951DACC1FB0059E872 /* ReferenceRootViewController.swift */ = {isa = PBXFileReference; fileEncoding = 4; lastKnownFileType = sourcecode.swift; path = ReferenceRootViewController.swift; sourceTree = "<group>"; };
		072441961DACC1FB0059E872 /* ReferenceRootViewController.xib */ = {isa = PBXFileReference; fileEncoding = 4; lastKnownFileType = file.xib; path = ReferenceRootViewController.xib; sourceTree = "<group>"; };
		072441991DACC20A0059E872 /* TradeRootViewController.swift */ = {isa = PBXFileReference; fileEncoding = 4; lastKnownFileType = sourcecode.swift; path = TradeRootViewController.swift; sourceTree = "<group>"; };
		0724419A1DACC20A0059E872 /* TradeRootViewController.xib */ = {isa = PBXFileReference; fileEncoding = 4; lastKnownFileType = file.xib; path = TradeRootViewController.xib; sourceTree = "<group>"; };
		0724419D1DACCA230059E872 /* BitTraderTabViewController.swift */ = {isa = PBXFileReference; fileEncoding = 4; lastKnownFileType = sourcecode.swift; path = BitTraderTabViewController.swift; sourceTree = "<group>"; };
		072441A31DADD5E90059E872 /* BTCChangerViewController.swift */ = {isa = PBXFileReference; fileEncoding = 4; lastKnownFileType = sourcecode.swift; path = BTCChangerViewController.swift; sourceTree = "<group>"; };
		072441A81DADD6F30059E872 /* MenuListViewController.swift */ = {isa = PBXFileReference; fileEncoding = 4; lastKnownFileType = sourcecode.swift; path = MenuListViewController.swift; sourceTree = "<group>"; };
		072441A91DADD6F30059E872 /* MenuListViewController.xib */ = {isa = PBXFileReference; fileEncoding = 4; lastKnownFileType = file.xib; path = MenuListViewController.xib; sourceTree = "<group>"; };
		072441AC1DADD7080059E872 /* MenuListViewModel.swift */ = {isa = PBXFileReference; fileEncoding = 4; lastKnownFileType = sourcecode.swift; path = MenuListViewModel.swift; sourceTree = "<group>"; };
		072441AF1DADFA570059E872 /* Protocol.swift */ = {isa = PBXFileReference; fileEncoding = 4; lastKnownFileType = sourcecode.swift; path = Protocol.swift; sourceTree = "<group>"; };
		072441B21DAE03120059E872 /* PlusMinusInputField.swift */ = {isa = PBXFileReference; fileEncoding = 4; lastKnownFileType = sourcecode.swift; path = PlusMinusInputField.swift; sourceTree = "<group>"; };
		072441B41DAE03980059E872 /* PlusMinusInputField.xib */ = {isa = PBXFileReference; fileEncoding = 4; lastKnownFileType = file.xib; path = PlusMinusInputField.xib; sourceTree = "<group>"; };
		072B673C1DA9D33800F276AF /* Bridging-Header.h */ = {isa = PBXFileReference; lastKnownFileType = sourcecode.c.h; path = "Bridging-Header.h"; sourceTree = "<group>"; };
		072B67401DAA7A0900F276AF /* Extension.swift */ = {isa = PBXFileReference; fileEncoding = 4; lastKnownFileType = sourcecode.swift; path = Extension.swift; sourceTree = "<group>"; };
		073A01CD1DDB3644001F6E9D /* PlusMinusInputField+Rx.swift */ = {isa = PBXFileReference; fileEncoding = 4; lastKnownFileType = sourcecode.swift; path = "PlusMinusInputField+Rx.swift"; sourceTree = "<group>"; };
		073A01CF1DDB3705001F6E9D /* RxPlusMinusInputFieldDelegateProxy.swift */ = {isa = PBXFileReference; fileEncoding = 4; lastKnownFileType = sourcecode.swift; path = RxPlusMinusInputFieldDelegateProxy.swift; sourceTree = "<group>"; };
		07932C661DBCDD6600E38530 /* RateListViewController.swift */ = {isa = PBXFileReference; fileEncoding = 4; lastKnownFileType = sourcecode.swift; path = RateListViewController.swift; sourceTree = "<group>"; };
		07932C6A1DBCEEB300E38530 /* RateListViewModel.swift */ = {isa = PBXFileReference; fileEncoding = 4; lastKnownFileType = sourcecode.swift; path = RateListViewModel.swift; sourceTree = "<group>"; };
		07932C701DBD023100E38530 /* RateViewModel.swift */ = {isa = PBXFileReference; fileEncoding = 4; lastKnownFileType = sourcecode.swift; path = RateViewModel.swift; sourceTree = "<group>"; };
		07932C721DBD035F00E38530 /* RateTableViewCell.swift */ = {isa = PBXFileReference; fileEncoding = 4; lastKnownFileType = sourcecode.swift; path = RateTableViewCell.swift; sourceTree = "<group>"; };
		07932C731DBD035F00E38530 /* RateTableViewCell.xib */ = {isa = PBXFileReference; fileEncoding = 4; lastKnownFileType = file.xib; path = RateTableViewCell.xib; sourceTree = "<group>"; };
		079E4A791DC630770004EB78 /* RateList.storyboard */ = {isa = PBXFileReference; fileEncoding = 4; lastKnownFileType = file.storyboard; path = RateList.storyboard; sourceTree = "<group>"; };
		07AFA1731DD84DE200A8B981 /* OrderListAction.swift */ = {isa = PBXFileReference; fileEncoding = 4; lastKnownFileType = sourcecode.swift; path = OrderListAction.swift; sourceTree = "<group>"; };
		07AFA1751DD84E9600A8B981 /* OrderListReducer.swift */ = {isa = PBXFileReference; fileEncoding = 4; lastKnownFileType = sourcecode.swift; path = OrderListReducer.swift; sourceTree = "<group>"; };
		07AFA1771DD8571400A8B981 /* OrderListTableViewCell.swift */ = {isa = PBXFileReference; fileEncoding = 4; lastKnownFileType = sourcecode.swift; path = OrderListTableViewCell.swift; sourceTree = "<group>"; };
		07AFA17B1DD89CBC00A8B981 /* OrderListTableViewCell.xib */ = {isa = PBXFileReference; fileEncoding = 4; lastKnownFileType = file.xib; path = OrderListTableViewCell.xib; sourceTree = "<group>"; };
		07B854461DAF2D84009E3181 /* BTCChangerViewController.xib */ = {isa = PBXFileReference; fileEncoding = 4; lastKnownFileType = file.xib; path = BTCChangerViewController.xib; sourceTree = "<group>"; };
		07B854541DB1C11F009E3181 /* BTCChangerViewModel.swift */ = {isa = PBXFileReference; fileEncoding = 4; lastKnownFileType = sourcecode.swift; path = BTCChangerViewModel.swift; sourceTree = "<group>"; };
		07B854581DB1DCE8009E3181 /* NumberPadViewController.swift */ = {isa = PBXFileReference; fileEncoding = 4; lastKnownFileType = sourcecode.swift; path = NumberPadViewController.swift; sourceTree = "<group>"; };
		07B854591DB1DCE8009E3181 /* NumberPadViewController.xib */ = {isa = PBXFileReference; fileEncoding = 4; lastKnownFileType = file.xib; path = NumberPadViewController.xib; sourceTree = "<group>"; };
		07B8545C1DB1ECEF009E3181 /* NumberPadAction.swift */ = {isa = PBXFileReference; fileEncoding = 4; lastKnownFileType = sourcecode.swift; path = NumberPadAction.swift; sourceTree = "<group>"; };
		07B8545E1DB205DB009E3181 /* NumberPadState.swift */ = {isa = PBXFileReference; fileEncoding = 4; lastKnownFileType = sourcecode.swift; path = NumberPadState.swift; sourceTree = "<group>"; };
		07B854611DB24F83009E3181 /* IndentLabel.swift */ = {isa = PBXFileReference; fileEncoding = 4; lastKnownFileType = sourcecode.swift; path = IndentLabel.swift; sourceTree = "<group>"; };
		07B854631DB25EAE009E3181 /* NumberPadStateTests.swift */ = {isa = PBXFileReference; fileEncoding = 4; lastKnownFileType = sourcecode.swift; path = NumberPadStateTests.swift; sourceTree = "<group>"; };
		07BD51F31DA3DECD00DA54B8 /* BitTrader.app */ = {isa = PBXFileReference; explicitFileType = wrapper.application; includeInIndex = 0; path = BitTrader.app; sourceTree = BUILT_PRODUCTS_DIR; };
		07BD52001DA3DECD00DA54B8 /* Base */ = {isa = PBXFileReference; lastKnownFileType = file.storyboard; name = Base; path = Base.lproj/LaunchScreen.storyboard; sourceTree = "<group>"; };
		07BD52071DA3DECD00DA54B8 /* BitTraderTests.xctest */ = {isa = PBXFileReference; explicitFileType = wrapper.cfbundle; includeInIndex = 0; path = BitTraderTests.xctest; sourceTree = BUILT_PRODUCTS_DIR; };
		07BD520D1DA3DECD00DA54B8 /* Info.plist */ = {isa = PBXFileReference; lastKnownFileType = text.plist.xml; path = Info.plist; sourceTree = "<group>"; };
		07BD52121DA3DECD00DA54B8 /* BitTraderUITests.xctest */ = {isa = PBXFileReference; explicitFileType = wrapper.cfbundle; includeInIndex = 0; path = BitTraderUITests.xctest; sourceTree = BUILT_PRODUCTS_DIR; };
		07BD52161DA3DECD00DA54B8 /* BitTraderUITests.swift */ = {isa = PBXFileReference; lastKnownFileType = sourcecode.swift; path = BitTraderUITests.swift; sourceTree = "<group>"; };
		07BD52181DA3DECD00DA54B8 /* Info.plist */ = {isa = PBXFileReference; lastKnownFileType = text.plist.xml; path = Info.plist; sourceTree = "<group>"; };
		07BD52281DA3E4AE00DA54B8 /* AppDelegate.swift */ = {isa = PBXFileReference; fileEncoding = 4; lastKnownFileType = sourcecode.swift; path = AppDelegate.swift; sourceTree = "<group>"; };
		07BD522D1DA3E67A00DA54B8 /* Assets.xcassets */ = {isa = PBXFileReference; lastKnownFileType = folder.assetcatalog; path = Assets.xcassets; sourceTree = "<group>"; };
		07BDF9B61DD1F55E006C99CA /* PagerViewController.swift */ = {isa = PBXFileReference; fileEncoding = 4; lastKnownFileType = sourcecode.swift; path = PagerViewController.swift; sourceTree = "<group>"; };
		07BDF9B71DD1F55E006C99CA /* PagerViewController.xib */ = {isa = PBXFileReference; fileEncoding = 4; lastKnownFileType = file.xib; path = PagerViewController.xib; sourceTree = "<group>"; };
		07BDF9BB1DD370A5006C99CA /* OrderListViewController.swift */ = {isa = PBXFileReference; fileEncoding = 4; lastKnownFileType = sourcecode.swift; path = OrderListViewController.swift; sourceTree = "<group>"; };
		07BDF9BC1DD370A5006C99CA /* OrderListViewController.xib */ = {isa = PBXFileReference; fileEncoding = 4; lastKnownFileType = file.xib; path = OrderListViewController.xib; sourceTree = "<group>"; };
		07C7CC581DD4B50E00F7A398 /* OrderListState.swift */ = {isa = PBXFileReference; fileEncoding = 4; lastKnownFileType = sourcecode.swift; path = OrderListState.swift; sourceTree = "<group>"; };
		07DCBF271DCB718E00B60008 /* PositionListViewController.swift */ = {isa = PBXFileReference; fileEncoding = 4; lastKnownFileType = sourcecode.swift; path = PositionListViewController.swift; sourceTree = "<group>"; };
		07DCBF281DCB718E00B60008 /* PositionListViewController.xib */ = {isa = PBXFileReference; fileEncoding = 4; lastKnownFileType = file.xib; path = PositionListViewController.xib; sourceTree = "<group>"; };
		07DCBF2B1DCB734800B60008 /* PositionListViewModel.swift */ = {isa = PBXFileReference; fileEncoding = 4; lastKnownFileType = sourcecode.swift; path = PositionListViewModel.swift; sourceTree = "<group>"; };
		07DCBF2D1DCB737600B60008 /* PositionTableViewCell.swift */ = {isa = PBXFileReference; fileEncoding = 4; lastKnownFileType = sourcecode.swift; path = PositionTableViewCell.swift; sourceTree = "<group>"; };
		07DCBF2E1DCB737600B60008 /* PositionTableViewCell.xib */ = {isa = PBXFileReference; fileEncoding = 4; lastKnownFileType = file.xib; path = PositionTableViewCell.xib; sourceTree = "<group>"; };
		07FAE3281DA778E500089136 /* RootViewController.swift */ = {isa = PBXFileReference; fileEncoding = 4; lastKnownFileType = sourcecode.swift; path = RootViewController.swift; sourceTree = "<group>"; };
		07FAE32F1DA77CE600089136 /* RootViewController.xib */ = {isa = PBXFileReference; fileEncoding = 4; lastKnownFileType = file.xib; path = RootViewController.xib; sourceTree = "<group>"; };
		07FAE3331DA7BA2500089136 /* AppStatus.swift */ = {isa = PBXFileReference; fileEncoding = 4; lastKnownFileType = sourcecode.swift; path = AppStatus.swift; sourceTree = "<group>"; };
		71653296D47E56926068FCF7 /* Pods_BitTraderTests.framework */ = {isa = PBXFileReference; explicitFileType = wrapper.framework; includeInIndex = 0; path = Pods_BitTraderTests.framework; sourceTree = BUILT_PRODUCTS_DIR; };
		A4915E65A73E188106ABD949 /* Pods-BitTrader.debug.xcconfig */ = {isa = PBXFileReference; includeInIndex = 1; lastKnownFileType = text.xcconfig; name = "Pods-BitTrader.debug.xcconfig"; path = "Pods/Target Support Files/Pods-BitTrader/Pods-BitTrader.debug.xcconfig"; sourceTree = "<group>"; };
		BA4FA21C1DDDF25B001038E5 /* ApiKitApiExecuter.swift */ = {isa = PBXFileReference; fileEncoding = 4; lastKnownFileType = sourcecode.swift; path = ApiKitApiExecuter.swift; sourceTree = "<group>"; };
		BA4FA21D1DDDF25B001038E5 /* ApiKitApiExecuterProtocol.swift */ = {isa = PBXFileReference; fileEncoding = 4; lastKnownFileType = sourcecode.swift; path = ApiKitApiExecuterProtocol.swift; sourceTree = "<group>"; };
		BA4FA2201DDDF262001038E5 /* ApiKitRequestProtocol.swift */ = {isa = PBXFileReference; fileEncoding = 4; lastKnownFileType = sourcecode.swift; path = ApiKitRequestProtocol.swift; sourceTree = "<group>"; };
		BA4FA22A1DDDF654001038E5 /* BitflyerBoardModel.swift */ = {isa = PBXFileReference; fileEncoding = 4; lastKnownFileType = sourcecode.swift; path = BitflyerBoardModel.swift; sourceTree = "<group>"; };
		BA4FA22B1DDDF654001038E5 /* BitflyerGetBoardRequest.swift */ = {isa = PBXFileReference; fileEncoding = 4; lastKnownFileType = sourcecode.swift; path = BitflyerGetBoardRequest.swift; sourceTree = "<group>"; };
		BA4FA22C1DDDF654001038E5 /* BitflyerGetBoardRequestParameter.swift */ = {isa = PBXFileReference; fileEncoding = 4; lastKnownFileType = sourcecode.swift; path = BitflyerGetBoardRequestParameter.swift; sourceTree = "<group>"; };
		BA4FA22D1DDDF654001038E5 /* BitflyerGetBoardResponse.swift */ = {isa = PBXFileReference; fileEncoding = 4; lastKnownFileType = sourcecode.swift; path = BitflyerGetBoardResponse.swift; sourceTree = "<group>"; };
		BA4FA2321DDDF65B001038E5 /* BitflyerGetHealthRequest.swift */ = {isa = PBXFileReference; fileEncoding = 4; lastKnownFileType = sourcecode.swift; path = BitflyerGetHealthRequest.swift; sourceTree = "<group>"; };
		BA4FA2331DDDF65B001038E5 /* BitflyerGetHealthResponse.swift */ = {isa = PBXFileReference; fileEncoding = 4; lastKnownFileType = sourcecode.swift; path = BitflyerGetHealthResponse.swift; sourceTree = "<group>"; };
		BA4FA2391DDDF695001038E5 /* BitflyerGetPositionsParameter.swift */ = {isa = PBXFileReference; fileEncoding = 4; lastKnownFileType = sourcecode.swift; path = BitflyerGetPositionsParameter.swift; sourceTree = "<group>"; };
		BA4FA23A1DDDF695001038E5 /* BitflyerGetPositionsRequest.swift */ = {isa = PBXFileReference; fileEncoding = 4; lastKnownFileType = sourcecode.swift; path = BitflyerGetPositionsRequest.swift; sourceTree = "<group>"; };
		BA4FA23B1DDDF695001038E5 /* BitflyerGetPositionsResponse.swift */ = {isa = PBXFileReference; fileEncoding = 4; lastKnownFileType = sourcecode.swift; path = BitflyerGetPositionsResponse.swift; sourceTree = "<group>"; };
		BA4FA23C1DDDF695001038E5 /* BitflyerPositionModel.swift */ = {isa = PBXFileReference; fileEncoding = 4; lastKnownFileType = sourcecode.swift; path = BitflyerPositionModel.swift; sourceTree = "<group>"; };
		BA4FA2411DDDF69D001038E5 /* BitflyerGetChildOrdersParameter.swift */ = {isa = PBXFileReference; fileEncoding = 4; lastKnownFileType = sourcecode.swift; path = BitflyerGetChildOrdersParameter.swift; sourceTree = "<group>"; };
		BA4FA2421DDDF69D001038E5 /* BitflyerGetChildOrdersRequest.swift */ = {isa = PBXFileReference; fileEncoding = 4; lastKnownFileType = sourcecode.swift; path = BitflyerGetChildOrdersRequest.swift; sourceTree = "<group>"; };
		BA4FA2431DDDF69D001038E5 /* BitflyerGetChildOrdersResponse.swift */ = {isa = PBXFileReference; fileEncoding = 4; lastKnownFileType = sourcecode.swift; path = BitflyerGetChildOrdersResponse.swift; sourceTree = "<group>"; };
		BA4FA2441DDDF69D001038E5 /* BitflyerOrderModel.swift */ = {isa = PBXFileReference; fileEncoding = 4; lastKnownFileType = sourcecode.swift; path = BitflyerOrderModel.swift; sourceTree = "<group>"; };
		BA4FA2491DDDF6A4001038E5 /* BitflyerBalanceModel.swift */ = {isa = PBXFileReference; fileEncoding = 4; lastKnownFileType = sourcecode.swift; path = BitflyerBalanceModel.swift; sourceTree = "<group>"; };
		BA4FA24A1DDDF6A4001038E5 /* BitflyerGetBalanceRequest.swift */ = {isa = PBXFileReference; fileEncoding = 4; lastKnownFileType = sourcecode.swift; path = BitflyerGetBalanceRequest.swift; sourceTree = "<group>"; };
		BA4FA24B1DDDF6A4001038E5 /* BitflyerGetBalanceResponse.swift */ = {isa = PBXFileReference; fileEncoding = 4; lastKnownFileType = sourcecode.swift; path = BitflyerGetBalanceResponse.swift; sourceTree = "<group>"; };
		BA4FA24F1DDDF6B0001038E5 /* BitTraderPrivateRequest.swift */ = {isa = PBXFileReference; fileEncoding = 4; lastKnownFileType = sourcecode.swift; path = BitTraderPrivateRequest.swift; sourceTree = "<group>"; };
		BA4FA2501DDDF6B0001038E5 /* BitTraderRequest.swift */ = {isa = PBXFileReference; fileEncoding = 4; lastKnownFileType = sourcecode.swift; path = BitTraderRequest.swift; sourceTree = "<group>"; };
		BA4FA2531DDDF6BA001038E5 /* BitflyerApiEnum.swift */ = {isa = PBXFileReference; fileEncoding = 4; lastKnownFileType = sourcecode.swift; path = BitflyerApiEnum.swift; sourceTree = "<group>"; };
		BA51DEC21DCEE59800D5029B /* NumberPadViewController+RxCreate.swift */ = {isa = PBXFileReference; fileEncoding = 4; lastKnownFileType = sourcecode.swift; path = "NumberPadViewController+RxCreate.swift"; sourceTree = "<group>"; };
		BA699AE51DD0D369007B650F /* RxNumberPadViewDelegateProxy.swift */ = {isa = PBXFileReference; fileEncoding = 4; lastKnownFileType = sourcecode.swift; path = RxNumberPadViewDelegateProxy.swift; sourceTree = "<group>"; };
		BA699AE71DD0D5F6007B650F /* NumberPadViewController+Rx.swift */ = {isa = PBXFileReference; fileEncoding = 4; lastKnownFileType = sourcecode.swift; path = "NumberPadViewController+Rx.swift"; sourceTree = "<group>"; };
		BA76BE481DDF2AF2005514AC /* BtcBoxRequest.swift */ = {isa = PBXFileReference; fileEncoding = 4; lastKnownFileType = sourcecode.swift; path = BtcBoxRequest.swift; sourceTree = "<group>"; };
		BA76BE4A1DDF2AFE005514AC /* ZaifRequest.swift */ = {isa = PBXFileReference; fileEncoding = 4; lastKnownFileType = sourcecode.swift; path = ZaifRequest.swift; sourceTree = "<group>"; };
		BA76BE4C1DDF2B0D005514AC /* KrakenRequest.swift */ = {isa = PBXFileReference; fileEncoding = 4; lastKnownFileType = sourcecode.swift; path = KrakenRequest.swift; sourceTree = "<group>"; };
		BA76BE581DDF2C44005514AC /* BtcBoxTickerRequest.swift */ = {isa = PBXFileReference; fileEncoding = 4; lastKnownFileType = sourcecode.swift; path = BtcBoxTickerRequest.swift; sourceTree = "<group>"; };
		BA76BE5A1DDF2C50005514AC /* KrakenTickerRequest.swift */ = {isa = PBXFileReference; fileEncoding = 4; lastKnownFileType = sourcecode.swift; path = KrakenTickerRequest.swift; sourceTree = "<group>"; };
		BA76BE5C1DDF2C7F005514AC /* ZaifTickerRequest.swift */ = {isa = PBXFileReference; fileEncoding = 4; lastKnownFileType = sourcecode.swift; path = ZaifTickerRequest.swift; sourceTree = "<group>"; };
		BA76BE5E1DDF2C96005514AC /* ZaifTickerResponse.swift */ = {isa = PBXFileReference; fileEncoding = 4; lastKnownFileType = sourcecode.swift; path = ZaifTickerResponse.swift; sourceTree = "<group>"; };
		BA76BE601DDF2CA1005514AC /* KrakenTickerResponse.swift */ = {isa = PBXFileReference; fileEncoding = 4; lastKnownFileType = sourcecode.swift; path = KrakenTickerResponse.swift; sourceTree = "<group>"; };
		BA76BE621DDF2CAB005514AC /* BtcBoxTickerResponse.swift */ = {isa = PBXFileReference; fileEncoding = 4; lastKnownFileType = sourcecode.swift; path = BtcBoxTickerResponse.swift; sourceTree = "<group>"; };
		BA76BE6A1DDF2F32005514AC /* CoincheckTickerRequest.swift */ = {isa = PBXFileReference; fileEncoding = 4; lastKnownFileType = sourcecode.swift; path = CoincheckTickerRequest.swift; sourceTree = "<group>"; };
		BA76BE6B1DDF2F32005514AC /* CoincheckTickerResponse.swift */ = {isa = PBXFileReference; fileEncoding = 4; lastKnownFileType = sourcecode.swift; path = CoincheckTickerResponse.swift; sourceTree = "<group>"; };
		BA76BE6F1DDF2FEE005514AC /* BitflyerTickerRequest.swift */ = {isa = PBXFileReference; fileEncoding = 4; lastKnownFileType = sourcecode.swift; path = BitflyerTickerRequest.swift; sourceTree = "<group>"; };
		BA76BE711DDF3007005514AC /* BitflyerTickerResponse.swift */ = {isa = PBXFileReference; fileEncoding = 4; lastKnownFileType = sourcecode.swift; path = BitflyerTickerResponse.swift; sourceTree = "<group>"; };
		BA76BE731DDF30EF005514AC /* CoincheckRequest.swift */ = {isa = PBXFileReference; fileEncoding = 4; lastKnownFileType = sourcecode.swift; path = CoincheckRequest.swift; sourceTree = "<group>"; };
		BA9672841DDCBABC00AB6384 /* RequestProtocol.swift */ = {isa = PBXFileReference; fileEncoding = 4; lastKnownFileType = sourcecode.swift; path = RequestProtocol.swift; sourceTree = "<group>"; };
		BA96728E1DDCBDEA00AB6384 /* Api.swift */ = {isa = PBXFileReference; fileEncoding = 4; lastKnownFileType = sourcecode.swift; path = Api.swift; sourceTree = "<group>"; };
		BA9672911DDCBE2900AB6384 /* ApiExecuterProtocol.swift */ = {isa = PBXFileReference; fileEncoding = 4; lastKnownFileType = sourcecode.swift; path = ApiExecuterProtocol.swift; sourceTree = "<group>"; };
		BAD390211DDF8C8D001FA3F5 /* ResultModel.swift */ = {isa = PBXFileReference; fileEncoding = 4; lastKnownFileType = sourcecode.swift; path = ResultModel.swift; sourceTree = "<group>"; };
		BAD390231DDF8D38001FA3F5 /* KrakenTickerModel.swift */ = {isa = PBXFileReference; fileEncoding = 4; lastKnownFileType = sourcecode.swift; path = KrakenTickerModel.swift; sourceTree = "<group>"; };
		C724E1701441F1D7C5862AD3 /* Pods-BitTraderTests.debug.xcconfig */ = {isa = PBXFileReference; includeInIndex = 1; lastKnownFileType = text.xcconfig; name = "Pods-BitTraderTests.debug.xcconfig"; path = "Pods/Target Support Files/Pods-BitTraderTests/Pods-BitTraderTests.debug.xcconfig"; sourceTree = "<group>"; };
		CC4B7FDBD26058AF1B3EC060 /* Pods-BitTrader.release.xcconfig */ = {isa = PBXFileReference; includeInIndex = 1; lastKnownFileType = text.xcconfig; name = "Pods-BitTrader.release.xcconfig"; path = "Pods/Target Support Files/Pods-BitTrader/Pods-BitTrader.release.xcconfig"; sourceTree = "<group>"; };
		CEFF4274892F4ACA1287631A /* Pods-BitTraderTests.release.xcconfig */ = {isa = PBXFileReference; includeInIndex = 1; lastKnownFileType = text.xcconfig; name = "Pods-BitTraderTests.release.xcconfig"; path = "Pods/Target Support Files/Pods-BitTraderTests/Pods-BitTraderTests.release.xcconfig"; sourceTree = "<group>"; };
		E525F9CF272892EAA3DF1AA6 /* Pods_BitTrader.framework */ = {isa = PBXFileReference; explicitFileType = wrapper.framework; includeInIndex = 0; path = Pods_BitTrader.framework; sourceTree = BUILT_PRODUCTS_DIR; };
/* End PBXFileReference section */

/* Begin PBXFrameworksBuildPhase section */
		07BD51F01DA3DECD00DA54B8 /* Frameworks */ = {
			isa = PBXFrameworksBuildPhase;
			buildActionMask = 2147483647;
			files = (
				82857357A68650A1A1556799 /* Pods_BitTrader.framework in Frameworks */,
			);
			runOnlyForDeploymentPostprocessing = 0;
		};
		07BD52041DA3DECD00DA54B8 /* Frameworks */ = {
			isa = PBXFrameworksBuildPhase;
			buildActionMask = 2147483647;
			files = (
				026314F1AFFCE13E8D9DBFEE /* Pods_BitTraderTests.framework in Frameworks */,
			);
			runOnlyForDeploymentPostprocessing = 0;
		};
		07BD520F1DA3DECD00DA54B8 /* Frameworks */ = {
			isa = PBXFrameworksBuildPhase;
			buildActionMask = 2147483647;
			files = (
			);
			runOnlyForDeploymentPostprocessing = 0;
		};
/* End PBXFrameworksBuildPhase section */

/* Begin PBXGroup section */
		07069C9D1DE16D9A002CEC31 /* SendChildOrder */ = {
			isa = PBXGroup;
			children = (
				07069C9E1DE16DCF002CEC31 /* BitflyerSendChildOrderRequest.swift */,
				07069CA01DE16DDA002CEC31 /* BitflyerSendChildOrderResponse.swift */,
				07069CA21DE17333002CEC31 /* BitflyerSendChildOrderRequestParameter.swift */,
			);
			path = SendChildOrder;
			sourceTree = "<group>";
		};
		07069CA41DE17E62002CEC31 /* CancelChildOrder */ = {
			isa = PBXGroup;
			children = (
				07069CA51DE17E8D002CEC31 /* BitflyerCancelChildOrderRequest.swift */,
				07069CA71DE17E99002CEC31 /* BitflyerCancelChildOrderResponse.swift */,
				07069CA91DE17EAA002CEC31 /* BitflyerCancelChildOrderParameter.swift */,
			);
			path = CancelChildOrder;
			sourceTree = "<group>";
		};
		07097DD31DC8C8A500A08EEA /* Util */ = {
			isa = PBXGroup;
			children = (
				07097DD41DC8C8CF00A08EEA /* StringUtils.swift */,
			);
			path = Util;
			sourceTree = "<group>";
		};
		070E9E281DA66EDF0095A671 /* Plist */ = {
			isa = PBXGroup;
			children = (
				070E9E291DA66F1B0095A671 /* Info.plist */,
			);
			path = Plist;
			sourceTree = "<group>";
		};
		072441821DACBEB40059E872 /* RegistKey */ = {
			isa = PBXGroup;
			children = (
				072441831DACBEB40059E872 /* RegistKeyViewController.swift */,
				072441841DACBEB40059E872 /* RegistKeyViewController.xib */,
				072441851DACBEB40059E872 /* RegistKeyViewModel.swift */,
			);
			path = RegistKey;
			sourceTree = "<group>";
		};
		072441891DACC08D0059E872 /* Trade */ = {
			isa = PBXGroup;
			children = (
				072441991DACC20A0059E872 /* TradeRootViewController.swift */,
				0724419A1DACC20A0059E872 /* TradeRootViewController.xib */,
			);
			path = Trade;
			sourceTree = "<group>";
		};
		0724418A1DACC1740059E872 /* Reference */ = {
			isa = PBXGroup;
			children = (
				07BDF9BA1DD3708A006C99CA /* Order */,
				07DCBF1D1DCB0A9C00B60008 /* Position */,
				072441951DACC1FB0059E872 /* ReferenceRootViewController.swift */,
				072441961DACC1FB0059E872 /* ReferenceRootViewController.xib */,
			);
			path = Reference;
			sourceTree = "<group>";
		};
		0724418B1DACC1890059E872 /* Market */ = {
			isa = PBXGroup;
			children = (
				07932C651DBCD83100E38530 /* Rate */,
				0724418D1DACC1D40059E872 /* MarketRootViewController.swift */,
				0724418E1DACC1D40059E872 /* MarketRootViewController.xib */,
			);
			path = Market;
			sourceTree = "<group>";
		};
		0724418C1DACC19B0059E872 /* Menu */ = {
			isa = PBXGroup;
			children = (
				072441A71DADD6D50059E872 /* MenuList */,
				072441A21DADD5B50059E872 /* BTCChanger */,
				072441911DACC1E70059E872 /* MenuRootViewController.swift */,
				072441921DACC1E70059E872 /* MenuRootViewController.xib */,
			);
			path = Menu;
			sourceTree = "<group>";
		};
		072441A21DADD5B50059E872 /* BTCChanger */ = {
			isa = PBXGroup;
			children = (
				072441A31DADD5E90059E872 /* BTCChangerViewController.swift */,
				07B854461DAF2D84009E3181 /* BTCChangerViewController.xib */,
				07B854541DB1C11F009E3181 /* BTCChangerViewModel.swift */,
			);
			path = BTCChanger;
			sourceTree = "<group>";
		};
		072441A71DADD6D50059E872 /* MenuList */ = {
			isa = PBXGroup;
			children = (
				072441A81DADD6F30059E872 /* MenuListViewController.swift */,
				072441A91DADD6F30059E872 /* MenuListViewController.xib */,
				072441AC1DADD7080059E872 /* MenuListViewModel.swift */,
			);
			path = MenuList;
			sourceTree = "<group>";
		};
		072441AE1DADFA3D0059E872 /* Protocol */ = {
			isa = PBXGroup;
			children = (
				072441AF1DADFA570059E872 /* Protocol.swift */,
			);
			path = Protocol;
			sourceTree = "<group>";
		};
		072441B11DAE02EB0059E872 /* View */ = {
			isa = PBXGroup;
			children = (
				072441B21DAE03120059E872 /* PlusMinusInputField.swift */,
				072441B41DAE03980059E872 /* PlusMinusInputField.xib */,
				073A01CD1DDB3644001F6E9D /* PlusMinusInputField+Rx.swift */,
				073A01CF1DDB3705001F6E9D /* RxPlusMinusInputFieldDelegateProxy.swift */,
			);
			path = View;
			sourceTree = "<group>";
		};
		072B673F1DAA79E900F276AF /* Extension */ = {
			isa = PBXGroup;
			children = (
				072B67401DAA7A0900F276AF /* Extension.swift */,
			);
			path = Extension;
			sourceTree = "<group>";
		};
		07932C651DBCD83100E38530 /* Rate */ = {
			isa = PBXGroup;
			children = (
				07932C661DBCDD6600E38530 /* RateListViewController.swift */,
				07932C6A1DBCEEB300E38530 /* RateListViewModel.swift */,
				07932C721DBD035F00E38530 /* RateTableViewCell.swift */,
				07932C731DBD035F00E38530 /* RateTableViewCell.xib */,
				07932C701DBD023100E38530 /* RateViewModel.swift */,
				079E4A791DC630770004EB78 /* RateList.storyboard */,
			);
			path = Rate;
			sourceTree = "<group>";
		};
		07B854561DB1DC60009E3181 /* Common */ = {
			isa = PBXGroup;
			children = (
				07BDF9B51DD1F2FF006C99CA /* Pager */,
				07B854571DB1DCA1009E3181 /* NumberPad */,
			);
			path = Common;
			sourceTree = "<group>";
		};
		07B854571DB1DCA1009E3181 /* NumberPad */ = {
			isa = PBXGroup;
			children = (
				07B854581DB1DCE8009E3181 /* NumberPadViewController.swift */,
				BA51DEC21DCEE59800D5029B /* NumberPadViewController+RxCreate.swift */,
				07B854591DB1DCE8009E3181 /* NumberPadViewController.xib */,
				07B8545C1DB1ECEF009E3181 /* NumberPadAction.swift */,
				07B8545E1DB205DB009E3181 /* NumberPadState.swift */,
				BA699AE51DD0D369007B650F /* RxNumberPadViewDelegateProxy.swift */,
				BA699AE71DD0D5F6007B650F /* NumberPadViewController+Rx.swift */,
			);
			path = NumberPad;
			sourceTree = "<group>";
		};
		07B854601DB24F6C009E3181 /* Control */ = {
			isa = PBXGroup;
			children = (
				07B854611DB24F83009E3181 /* IndentLabel.swift */,
			);
			path = Control;
			sourceTree = "<group>";
		};
		07BD51EA1DA3DECD00DA54B8 = {
			isa = PBXGroup;
			children = (
				07BD51F51DA3DECD00DA54B8 /* BitTrader */,
				07BD520A1DA3DECD00DA54B8 /* BitTraderTests */,
				07BD52151DA3DECD00DA54B8 /* BitTraderUITests */,
				07BD51F41DA3DECD00DA54B8 /* Products */,
				DC686BCE6AAAC37F9CCAD49A /* Pods */,
				B3CF5883109D2DCCCAA69426 /* Frameworks */,
			);
			sourceTree = "<group>";
		};
		07BD51F41DA3DECD00DA54B8 /* Products */ = {
			isa = PBXGroup;
			children = (
				07BD51F31DA3DECD00DA54B8 /* BitTrader.app */,
				07BD52071DA3DECD00DA54B8 /* BitTraderTests.xctest */,
				07BD52121DA3DECD00DA54B8 /* BitTraderUITests.xctest */,
			);
			name = Products;
			sourceTree = "<group>";
		};
		07BD51F51DA3DECD00DA54B8 /* BitTrader */ = {
			isa = PBXGroup;
			children = (
				07BD522C1DA3E4CC00DA54B8 /* Resources */,
				07BD52271DA3E33500DA54B8 /* Classes */,
				07BD51FF1DA3DECD00DA54B8 /* LaunchScreen.storyboard */,
			);
			path = BitTrader;
			sourceTree = "<group>";
		};
		07BD520A1DA3DECD00DA54B8 /* BitTraderTests */ = {
			isa = PBXGroup;
			children = (
				07BD520D1DA3DECD00DA54B8 /* Info.plist */,
				07B854631DB25EAE009E3181 /* NumberPadStateTests.swift */,
			);
			path = BitTraderTests;
			sourceTree = "<group>";
		};
		07BD52151DA3DECD00DA54B8 /* BitTraderUITests */ = {
			isa = PBXGroup;
			children = (
				07BD52161DA3DECD00DA54B8 /* BitTraderUITests.swift */,
				07BD52181DA3DECD00DA54B8 /* Info.plist */,
			);
			path = BitTraderUITests;
			sourceTree = "<group>";
		};
		07BD52271DA3E33500DA54B8 /* Classes */ = {
			isa = PBXGroup;
			children = (
				BA9672811DDCBA8900AB6384 /* ApiClient */,
				072B673F1DAA79E900F276AF /* Extension */,
				07FAE3311DA7898100089136 /* API */,
				07FAE3251DA7785D00089136 /* Common */,
				07FAE3261DA7787000089136 /* Screen */,
				07BD52281DA3E4AE00DA54B8 /* AppDelegate.swift */,
				072B673C1DA9D33800F276AF /* Bridging-Header.h */,
			);
			path = Classes;
			sourceTree = "<group>";
		};
		07BD522C1DA3E4CC00DA54B8 /* Resources */ = {
			isa = PBXGroup;
			children = (
				070E9E281DA66EDF0095A671 /* Plist */,
				07BD522D1DA3E67A00DA54B8 /* Assets.xcassets */,
				072441791DAC8C760059E872 /* BitTrader.entitlements */,
			);
			path = Resources;
			sourceTree = "<group>";
		};
		07BDF9B51DD1F2FF006C99CA /* Pager */ = {
			isa = PBXGroup;
			children = (
				07BDF9B61DD1F55E006C99CA /* PagerViewController.swift */,
				07BDF9B71DD1F55E006C99CA /* PagerViewController.xib */,
			);
			path = Pager;
			sourceTree = "<group>";
		};
		07BDF9BA1DD3708A006C99CA /* Order */ = {
			isa = PBXGroup;
			children = (
				07BDF9BB1DD370A5006C99CA /* OrderListViewController.swift */,
				07BDF9BC1DD370A5006C99CA /* OrderListViewController.xib */,
				07AFA1771DD8571400A8B981 /* OrderListTableViewCell.swift */,
				07AFA17B1DD89CBC00A8B981 /* OrderListTableViewCell.xib */,
				07C7CC581DD4B50E00F7A398 /* OrderListState.swift */,
				07AFA1731DD84DE200A8B981 /* OrderListAction.swift */,
				07AFA1751DD84E9600A8B981 /* OrderListReducer.swift */,
			);
			path = Order;
			sourceTree = "<group>";
		};
		07DCBF1D1DCB0A9C00B60008 /* Position */ = {
			isa = PBXGroup;
			children = (
				07DCBF271DCB718E00B60008 /* PositionListViewController.swift */,
				07DCBF281DCB718E00B60008 /* PositionListViewController.xib */,
				07DCBF2B1DCB734800B60008 /* PositionListViewModel.swift */,
				07DCBF2D1DCB737600B60008 /* PositionTableViewCell.swift */,
				07DCBF2E1DCB737600B60008 /* PositionTableViewCell.xib */,
			);
			path = Position;
			sourceTree = "<group>";
		};
		07FAE3251DA7785D00089136 /* Common */ = {
			isa = PBXGroup;
			children = (
				07097DD31DC8C8A500A08EEA /* Util */,
				07B854601DB24F6C009E3181 /* Control */,
				07FAE3321DA7B9F500089136 /* AppStatus */,
				072441AE1DADFA3D0059E872 /* Protocol */,
				072441B11DAE02EB0059E872 /* View */,
			);
			path = Common;
			sourceTree = "<group>";
		};
		07FAE3261DA7787000089136 /* Screen */ = {
			isa = PBXGroup;
			children = (
				07B854561DB1DC60009E3181 /* Common */,
				0724418B1DACC1890059E872 /* Market */,
				0724418C1DACC19B0059E872 /* Menu */,
				0724418A1DACC1740059E872 /* Reference */,
				072441821DACBEB40059E872 /* RegistKey */,
				07FAE3271DA778A700089136 /* Root */,
				072441891DACC08D0059E872 /* Trade */,
			);
			path = Screen;
			sourceTree = "<group>";
		};
		07FAE3271DA778A700089136 /* Root */ = {
			isa = PBXGroup;
			children = (
				07FAE3281DA778E500089136 /* RootViewController.swift */,
				07FAE32F1DA77CE600089136 /* RootViewController.xib */,
				0724419D1DACCA230059E872 /* BitTraderTabViewController.swift */,
			);
			path = Root;
			sourceTree = "<group>";
		};
		07FAE3311DA7898100089136 /* API */ = {
			isa = PBXGroup;
			children = (
				BA4FA2241DDDF5BB001038E5 /* Bitflyer */,
				BA76BE3E1DDF2984005514AC /* BtcBox */,
				BA76BE641DDF2EC7005514AC /* Coincheck */,
				BA76BE401DDF29F3005514AC /* Kraken */,
				BA76BE3F1DDF29C1005514AC /* Zaif */,
			);
			path = API;
			sourceTree = "<group>";
		};
		07FAE3321DA7B9F500089136 /* AppStatus */ = {
			isa = PBXGroup;
			children = (
				07FAE3331DA7BA2500089136 /* AppStatus.swift */,
			);
			path = AppStatus;
			sourceTree = "<group>";
		};
		B3CF5883109D2DCCCAA69426 /* Frameworks */ = {
			isa = PBXGroup;
			children = (
				E525F9CF272892EAA3DF1AA6 /* Pods_BitTrader.framework */,
				71653296D47E56926068FCF7 /* Pods_BitTraderTests.framework */,
			);
			name = Frameworks;
			sourceTree = "<group>";
		};
		BA4FA21A1DDDF200001038E5 /* ApiKit */ = {
			isa = PBXGroup;
			children = (
				BA4FA21D1DDDF25B001038E5 /* ApiKitApiExecuterProtocol.swift */,
				BA4FA21C1DDDF25B001038E5 /* ApiKitApiExecuter.swift */,
			);
			path = ApiKit;
			sourceTree = "<group>";
		};
		BA4FA21B1DDDF20C001038E5 /* ApiKit */ = {
			isa = PBXGroup;
			children = (
				BA4FA2201DDDF262001038E5 /* ApiKitRequestProtocol.swift */,
			);
			path = ApiKit;
			sourceTree = "<group>";
		};
		BA4FA2241DDDF5BB001038E5 /* Bitflyer */ = {
			isa = PBXGroup;
			children = (
				BA4FA2531DDDF6BA001038E5 /* BitflyerApiEnum.swift */,
				BA4FA2251DDDF604001038E5 /* Base */,
				BA4FA2261DDDF61A001038E5 /* Private */,
				BA4FA2271DDDF628001038E5 /* Public */,
			);
			path = Bitflyer;
			sourceTree = "<group>";
		};
		BA4FA2251DDDF604001038E5 /* Base */ = {
			isa = PBXGroup;
			children = (
				BA4FA2501DDDF6B0001038E5 /* BitTraderRequest.swift */,
				BA4FA24F1DDDF6B0001038E5 /* BitTraderPrivateRequest.swift */,
			);
			path = Base;
			sourceTree = "<group>";
		};
		BA4FA2261DDDF61A001038E5 /* Private */ = {
			isa = PBXGroup;
			children = (
				07069CA41DE17E62002CEC31 /* CancelChildOrder */,
				07069C9D1DE16D9A002CEC31 /* SendChildOrder */,
				BA4FA2361DDDF66A001038E5 /* GetBalance */,
				BA4FA2371DDDF67B001038E5 /* GetChildOrders */,
				BA4FA2381DDDF689001038E5 /* GetPositions */,
			);
			path = Private;
			sourceTree = "<group>";
		};
		BA4FA2271DDDF628001038E5 /* Public */ = {
			isa = PBXGroup;
			children = (
				BA4FA2291DDDF647001038E5 /* GetBoard */,
				BA4FA2281DDDF639001038E5 /* GetHealth */,
				BA76BE6E1DDF2FB4005514AC /* Ticker */,
			);
			path = Public;
			sourceTree = "<group>";
		};
		BA4FA2281DDDF639001038E5 /* GetHealth */ = {
			isa = PBXGroup;
			children = (
				BA4FA2321DDDF65B001038E5 /* BitflyerGetHealthRequest.swift */,
				BA4FA2331DDDF65B001038E5 /* BitflyerGetHealthResponse.swift */,
				07069CAB1DE19BD4002CEC31 /* BitflyerGetHealthRequestParameter.swift */,
			);
			path = GetHealth;
			sourceTree = "<group>";
		};
		BA4FA2291DDDF647001038E5 /* GetBoard */ = {
			isa = PBXGroup;
			children = (
				BA4FA22B1DDDF654001038E5 /* BitflyerGetBoardRequest.swift */,
				BA4FA22D1DDDF654001038E5 /* BitflyerGetBoardResponse.swift */,
				BA4FA22C1DDDF654001038E5 /* BitflyerGetBoardRequestParameter.swift */,
				BA4FA22A1DDDF654001038E5 /* BitflyerBoardModel.swift */,
			);
			path = GetBoard;
			sourceTree = "<group>";
		};
		BA4FA2361DDDF66A001038E5 /* GetBalance */ = {
			isa = PBXGroup;
			children = (
				BA4FA24A1DDDF6A4001038E5 /* BitflyerGetBalanceRequest.swift */,
				BA4FA24B1DDDF6A4001038E5 /* BitflyerGetBalanceResponse.swift */,
				07069CAF1DE19C64002CEC31 /* BitflyerGetBalanceRequestParameter.swift */,
				BA4FA2491DDDF6A4001038E5 /* BitflyerBalanceModel.swift */,
			);
			path = GetBalance;
			sourceTree = "<group>";
		};
		BA4FA2371DDDF67B001038E5 /* GetChildOrders */ = {
			isa = PBXGroup;
			children = (
				BA4FA2421DDDF69D001038E5 /* BitflyerGetChildOrdersRequest.swift */,
				BA4FA2431DDDF69D001038E5 /* BitflyerGetChildOrdersResponse.swift */,
				BA4FA2411DDDF69D001038E5 /* BitflyerGetChildOrdersParameter.swift */,
				BA4FA2441DDDF69D001038E5 /* BitflyerOrderModel.swift */,
			);
			path = GetChildOrders;
			sourceTree = "<group>";
		};
		BA4FA2381DDDF689001038E5 /* GetPositions */ = {
			isa = PBXGroup;
			children = (
				BA4FA23A1DDDF695001038E5 /* BitflyerGetPositionsRequest.swift */,
				BA4FA23B1DDDF695001038E5 /* BitflyerGetPositionsResponse.swift */,
				BA4FA2391DDDF695001038E5 /* BitflyerGetPositionsParameter.swift */,
				BA4FA23C1DDDF695001038E5 /* BitflyerPositionModel.swift */,
			);
			path = GetPositions;
			sourceTree = "<group>";
		};
		BA76BE3E1DDF2984005514AC /* BtcBox */ = {
			isa = PBXGroup;
			children = (
				BA76BE411DDF2A5F005514AC /* Base */,
				BA76BE4E1DDF2B3D005514AC /* Private */,
				BA76BE451DDF2AA7005514AC /* Public */,
			);
			path = BtcBox;
			sourceTree = "<group>";
		};
		BA76BE3F1DDF29C1005514AC /* Zaif */ = {
			isa = PBXGroup;
			children = (
				BA76BE421DDF2A70005514AC /* Base */,
				BA76BE501DDF2B67005514AC /* Private */,
				BA76BE471DDF2ABD005514AC /* Public */,
			);
			path = Zaif;
			sourceTree = "<group>";
		};
		BA76BE401DDF29F3005514AC /* Kraken */ = {
			isa = PBXGroup;
			children = (
				BA76BE431DDF2A73005514AC /* Base */,
				BA76BE4F1DDF2B59005514AC /* Private */,
				BA76BE461DDF2AB5005514AC /* Public */,
			);
			path = Kraken;
			sourceTree = "<group>";
		};
		BA76BE411DDF2A5F005514AC /* Base */ = {
			isa = PBXGroup;
			children = (
				BA76BE481DDF2AF2005514AC /* BtcBoxRequest.swift */,
			);
			path = Base;
			sourceTree = "<group>";
		};
		BA76BE421DDF2A70005514AC /* Base */ = {
			isa = PBXGroup;
			children = (
				BA76BE4A1DDF2AFE005514AC /* ZaifRequest.swift */,
			);
			path = Base;
			sourceTree = "<group>";
		};
		BA76BE431DDF2A73005514AC /* Base */ = {
			isa = PBXGroup;
			children = (
				BA76BE4C1DDF2B0D005514AC /* KrakenRequest.swift */,
			);
			path = Base;
			sourceTree = "<group>";
		};
		BA76BE451DDF2AA7005514AC /* Public */ = {
			isa = PBXGroup;
			children = (
				BA76BE511DDF2B8C005514AC /* Ticker */,
			);
			path = Public;
			sourceTree = "<group>";
		};
		BA76BE461DDF2AB5005514AC /* Public */ = {
			isa = PBXGroup;
			children = (
				BA76BE521DDF2B96005514AC /* Ticker */,
			);
			path = Public;
			sourceTree = "<group>";
		};
		BA76BE471DDF2ABD005514AC /* Public */ = {
			isa = PBXGroup;
			children = (
				BA76BE531DDF2B9F005514AC /* Ticker */,
			);
			path = Public;
			sourceTree = "<group>";
		};
		BA76BE4E1DDF2B3D005514AC /* Private */ = {
			isa = PBXGroup;
			children = (
			);
			path = Private;
			sourceTree = "<group>";
		};
		BA76BE4F1DDF2B59005514AC /* Private */ = {
			isa = PBXGroup;
			children = (
			);
			path = Private;
			sourceTree = "<group>";
		};
		BA76BE501DDF2B67005514AC /* Private */ = {
			isa = PBXGroup;
			children = (
			);
			path = Private;
			sourceTree = "<group>";
		};
		BA76BE511DDF2B8C005514AC /* Ticker */ = {
			isa = PBXGroup;
			children = (
				BA76BE581DDF2C44005514AC /* BtcBoxTickerRequest.swift */,
				BA76BE621DDF2CAB005514AC /* BtcBoxTickerResponse.swift */,
			);
			path = Ticker;
			sourceTree = "<group>";
		};
		BA76BE521DDF2B96005514AC /* Ticker */ = {
			isa = PBXGroup;
			children = (
				BA76BE5A1DDF2C50005514AC /* KrakenTickerRequest.swift */,
				BA76BE601DDF2CA1005514AC /* KrakenTickerResponse.swift */,
				BAD390211DDF8C8D001FA3F5 /* ResultModel.swift */,
				BAD390231DDF8D38001FA3F5 /* KrakenTickerModel.swift */,
			);
			path = Ticker;
			sourceTree = "<group>";
		};
		BA76BE531DDF2B9F005514AC /* Ticker */ = {
			isa = PBXGroup;
			children = (
				BA76BE5C1DDF2C7F005514AC /* ZaifTickerRequest.swift */,
				BA76BE5E1DDF2C96005514AC /* ZaifTickerResponse.swift */,
			);
			path = Ticker;
			sourceTree = "<group>";
		};
		BA76BE641DDF2EC7005514AC /* Coincheck */ = {
			isa = PBXGroup;
			children = (
				BA76BE651DDF2ED6005514AC /* Base */,
				BA76BE671DDF2EE6005514AC /* Private */,
				BA76BE661DDF2EE0005514AC /* Public */,
			);
			path = Coincheck;
			sourceTree = "<group>";
		};
		BA76BE651DDF2ED6005514AC /* Base */ = {
			isa = PBXGroup;
			children = (
				BA76BE731DDF30EF005514AC /* CoincheckRequest.swift */,
			);
			path = Base;
			sourceTree = "<group>";
		};
		BA76BE661DDF2EE0005514AC /* Public */ = {
			isa = PBXGroup;
			children = (
				BA76BE681DDF2F17005514AC /* Ticker */,
			);
			path = Public;
			sourceTree = "<group>";
		};
		BA76BE671DDF2EE6005514AC /* Private */ = {
			isa = PBXGroup;
			children = (
			);
			path = Private;
			sourceTree = "<group>";
		};
		BA76BE681DDF2F17005514AC /* Ticker */ = {
			isa = PBXGroup;
			children = (
				BA76BE6A1DDF2F32005514AC /* CoincheckTickerRequest.swift */,
				BA76BE6B1DDF2F32005514AC /* CoincheckTickerResponse.swift */,
			);
			path = Ticker;
			sourceTree = "<group>";
		};
		BA76BE6E1DDF2FB4005514AC /* Ticker */ = {
			isa = PBXGroup;
			children = (
				BA76BE6F1DDF2FEE005514AC /* BitflyerTickerRequest.swift */,
				BA76BE711DDF3007005514AC /* BitflyerTickerResponse.swift */,
				07069CAD1DE19C2D002CEC31 /* BitflyerTickerRequestParameter.swift */,
			);
			path = Ticker;
			sourceTree = "<group>";
		};
		BA9672811DDCBA8900AB6384 /* ApiClient */ = {
			isa = PBXGroup;
			children = (
				BA96728E1DDCBDEA00AB6384 /* Api.swift */,
				BA9672901DDCBE1300AB6384 /* ApiExecuter */,
				BA9672831DDCBAA300AB6384 /* Request */,
			);
			path = ApiClient;
			sourceTree = "<group>";
		};
		BA9672831DDCBAA300AB6384 /* Request */ = {
			isa = PBXGroup;
			children = (
				BA9672841DDCBABC00AB6384 /* RequestProtocol.swift */,
				BA4FA21B1DDDF20C001038E5 /* ApiKit */,
			);
			path = Request;
			sourceTree = "<group>";
		};
		BA9672901DDCBE1300AB6384 /* ApiExecuter */ = {
			isa = PBXGroup;
			children = (
				BA9672911DDCBE2900AB6384 /* ApiExecuterProtocol.swift */,
				BA4FA21A1DDDF200001038E5 /* ApiKit */,
			);
			path = ApiExecuter;
			sourceTree = "<group>";
		};
		DC686BCE6AAAC37F9CCAD49A /* Pods */ = {
			isa = PBXGroup;
			children = (
				A4915E65A73E188106ABD949 /* Pods-BitTrader.debug.xcconfig */,
				CC4B7FDBD26058AF1B3EC060 /* Pods-BitTrader.release.xcconfig */,
				C724E1701441F1D7C5862AD3 /* Pods-BitTraderTests.debug.xcconfig */,
				CEFF4274892F4ACA1287631A /* Pods-BitTraderTests.release.xcconfig */,
			);
			name = Pods;
			sourceTree = "<group>";
		};
/* End PBXGroup section */

/* Begin PBXNativeTarget section */
		07BD51F21DA3DECD00DA54B8 /* BitTrader */ = {
			isa = PBXNativeTarget;
			buildConfigurationList = 07BD521B1DA3DECD00DA54B8 /* Build configuration list for PBXNativeTarget "BitTrader" */;
			buildPhases = (
				EEAFFAC415AFBA7C04948340 /* [CP] Check Pods Manifest.lock */,
				07BD51EF1DA3DECD00DA54B8 /* Sources */,
				07BD51F01DA3DECD00DA54B8 /* Frameworks */,
				07BD51F11DA3DECD00DA54B8 /* Resources */,
				07BD52241DA3E0EE00DA54B8 /* Swift Lint */,
				4433E22F2D591B4CB6517463 /* [CP] Embed Pods Frameworks */,
				E921243AA0F99BE2038E4FE9 /* [CP] Copy Pods Resources */,
			);
			buildRules = (
			);
			dependencies = (
			);
			name = BitTrader;
			productName = BitTrader;
			productReference = 07BD51F31DA3DECD00DA54B8 /* BitTrader.app */;
			productType = "com.apple.product-type.application";
		};
		07BD52061DA3DECD00DA54B8 /* BitTraderTests */ = {
			isa = PBXNativeTarget;
			buildConfigurationList = 07BD521E1DA3DECD00DA54B8 /* Build configuration list for PBXNativeTarget "BitTraderTests" */;
			buildPhases = (
				195AF677750647836AB832B8 /* [CP] Check Pods Manifest.lock */,
				07BD52031DA3DECD00DA54B8 /* Sources */,
				07BD52041DA3DECD00DA54B8 /* Frameworks */,
				07BD52051DA3DECD00DA54B8 /* Resources */,
				76FE9DDBE5EFEDBEFEE13A93 /* [CP] Embed Pods Frameworks */,
				9E83DDB7EFC09D7DF7F4E049 /* [CP] Copy Pods Resources */,
			);
			buildRules = (
			);
			dependencies = (
				07BD52091DA3DECD00DA54B8 /* PBXTargetDependency */,
			);
			name = BitTraderTests;
			productName = BitTraderTests;
			productReference = 07BD52071DA3DECD00DA54B8 /* BitTraderTests.xctest */;
			productType = "com.apple.product-type.bundle.unit-test";
		};
		07BD52111DA3DECD00DA54B8 /* BitTraderUITests */ = {
			isa = PBXNativeTarget;
			buildConfigurationList = 07BD52211DA3DECD00DA54B8 /* Build configuration list for PBXNativeTarget "BitTraderUITests" */;
			buildPhases = (
				07BD520E1DA3DECD00DA54B8 /* Sources */,
				07BD520F1DA3DECD00DA54B8 /* Frameworks */,
				07BD52101DA3DECD00DA54B8 /* Resources */,
			);
			buildRules = (
			);
			dependencies = (
				07BD52141DA3DECD00DA54B8 /* PBXTargetDependency */,
			);
			name = BitTraderUITests;
			productName = BitTraderUITests;
			productReference = 07BD52121DA3DECD00DA54B8 /* BitTraderUITests.xctest */;
			productType = "com.apple.product-type.bundle.ui-testing";
		};
/* End PBXNativeTarget section */

/* Begin PBXProject section */
		07BD51EB1DA3DECD00DA54B8 /* Project object */ = {
			isa = PBXProject;
			attributes = {
				LastSwiftUpdateCheck = 0800;
				LastUpgradeCheck = 0810;
				ORGANIZATIONNAME = "Bit Trader";
				TargetAttributes = {
					07BD51F21DA3DECD00DA54B8 = {
						CreatedOnToolsVersion = 8.0;
						DevelopmentTeam = ZYH5V292WC;
						LastSwiftMigration = 0800;
						ProvisioningStyle = Automatic;
						SystemCapabilities = {
							com.apple.Keychain = {
								enabled = 0;
							};
						};
					};
					07BD52061DA3DECD00DA54B8 = {
						CreatedOnToolsVersion = 8.0;
						DevelopmentTeam = ZYH5V292WC;
						ProvisioningStyle = Automatic;
						TestTargetID = 07BD51F21DA3DECD00DA54B8;
					};
					07BD52111DA3DECD00DA54B8 = {
						CreatedOnToolsVersion = 8.0;
						DevelopmentTeam = ZYH5V292WC;
						ProvisioningStyle = Automatic;
						TestTargetID = 07BD51F21DA3DECD00DA54B8;
					};
				};
			};
			buildConfigurationList = 07BD51EE1DA3DECD00DA54B8 /* Build configuration list for PBXProject "BitTrader" */;
			compatibilityVersion = "Xcode 3.2";
			developmentRegion = English;
			hasScannedForEncodings = 0;
			knownRegions = (
				en,
				Base,
			);
			mainGroup = 07BD51EA1DA3DECD00DA54B8;
			productRefGroup = 07BD51F41DA3DECD00DA54B8 /* Products */;
			projectDirPath = "";
			projectRoot = "";
			targets = (
				07BD51F21DA3DECD00DA54B8 /* BitTrader */,
				07BD52061DA3DECD00DA54B8 /* BitTraderTests */,
				07BD52111DA3DECD00DA54B8 /* BitTraderUITests */,
			);
		};
/* End PBXProject section */

/* Begin PBXResourcesBuildPhase section */
		07BD51F11DA3DECD00DA54B8 /* Resources */ = {
			isa = PBXResourcesBuildPhase;
			buildActionMask = 2147483647;
			files = (
				07BD52011DA3DECD00DA54B8 /* LaunchScreen.storyboard in Resources */,
				07932C751DBD035F00E38530 /* RateTableViewCell.xib in Resources */,
				07DCBF301DCB737600B60008 /* PositionTableViewCell.xib in Resources */,
				07B8545B1DB1DCE8009E3181 /* NumberPadViewController.xib in Resources */,
				072441941DACC1E70059E872 /* MenuRootViewController.xib in Resources */,
				07BDF9B91DD1F55E006C99CA /* PagerViewController.xib in Resources */,
				07AFA17C1DD89CBC00A8B981 /* OrderListTableViewCell.xib in Resources */,
				07DCBF2A1DCB718E00B60008 /* PositionListViewController.xib in Resources */,
				072441901DACC1D40059E872 /* MarketRootViewController.xib in Resources */,
				072441B51DAE03980059E872 /* PlusMinusInputField.xib in Resources */,
				07B854471DAF2D84009E3181 /* BTCChangerViewController.xib in Resources */,
				07FAE3301DA77CE600089136 /* RootViewController.xib in Resources */,
				072441AB1DADD6F30059E872 /* MenuListViewController.xib in Resources */,
				072441871DACBEB40059E872 /* RegistKeyViewController.xib in Resources */,
				072441981DACC1FB0059E872 /* ReferenceRootViewController.xib in Resources */,
				07BD522E1DA3E67A00DA54B8 /* Assets.xcassets in Resources */,
				07BDF9BE1DD370A5006C99CA /* OrderListViewController.xib in Resources */,
				0724419C1DACC20A0059E872 /* TradeRootViewController.xib in Resources */,
				079E4A7A1DC630770004EB78 /* RateList.storyboard in Resources */,
			);
			runOnlyForDeploymentPostprocessing = 0;
		};
		07BD52051DA3DECD00DA54B8 /* Resources */ = {
			isa = PBXResourcesBuildPhase;
			buildActionMask = 2147483647;
			files = (
			);
			runOnlyForDeploymentPostprocessing = 0;
		};
		07BD52101DA3DECD00DA54B8 /* Resources */ = {
			isa = PBXResourcesBuildPhase;
			buildActionMask = 2147483647;
			files = (
			);
			runOnlyForDeploymentPostprocessing = 0;
		};
/* End PBXResourcesBuildPhase section */

/* Begin PBXShellScriptBuildPhase section */
		07BD52241DA3E0EE00DA54B8 /* Swift Lint */ = {
			isa = PBXShellScriptBuildPhase;
			buildActionMask = 2147483647;
			files = (
			);
			inputPaths = (
			);
			name = "Swift Lint";
			outputPaths = (
			);
			runOnlyForDeploymentPostprocessing = 0;
			shellPath = /bin/sh;
			shellScript = "if which swiftlint >/dev/null; then\nswiftlint\nelse\necho \"SwiftLint does not exist, download from https://github.com/realm/SwiftLint\"\nfi";
		};
		195AF677750647836AB832B8 /* [CP] Check Pods Manifest.lock */ = {
			isa = PBXShellScriptBuildPhase;
			buildActionMask = 2147483647;
			files = (
			);
			inputPaths = (
			);
			name = "[CP] Check Pods Manifest.lock";
			outputPaths = (
			);
			runOnlyForDeploymentPostprocessing = 0;
			shellPath = /bin/sh;
			shellScript = "diff \"${PODS_ROOT}/../Podfile.lock\" \"${PODS_ROOT}/Manifest.lock\" > /dev/null\nif [[ $? != 0 ]] ; then\n    cat << EOM\nerror: The sandbox is not in sync with the Podfile.lock. Run 'pod install' or update your CocoaPods installation.\nEOM\n    exit 1\nfi\n";
			showEnvVarsInLog = 0;
		};
		4433E22F2D591B4CB6517463 /* [CP] Embed Pods Frameworks */ = {
			isa = PBXShellScriptBuildPhase;
			buildActionMask = 2147483647;
			files = (
			);
			inputPaths = (
			);
			name = "[CP] Embed Pods Frameworks";
			outputPaths = (
			);
			runOnlyForDeploymentPostprocessing = 0;
			shellPath = /bin/sh;
			shellScript = "\"${SRCROOT}/Pods/Target Support Files/Pods-BitTrader/Pods-BitTrader-frameworks.sh\"\n";
			showEnvVarsInLog = 0;
		};
		76FE9DDBE5EFEDBEFEE13A93 /* [CP] Embed Pods Frameworks */ = {
			isa = PBXShellScriptBuildPhase;
			buildActionMask = 2147483647;
			files = (
			);
			inputPaths = (
			);
			name = "[CP] Embed Pods Frameworks";
			outputPaths = (
			);
			runOnlyForDeploymentPostprocessing = 0;
			shellPath = /bin/sh;
			shellScript = "\"${SRCROOT}/Pods/Target Support Files/Pods-BitTraderTests/Pods-BitTraderTests-frameworks.sh\"\n";
			showEnvVarsInLog = 0;
		};
		9E83DDB7EFC09D7DF7F4E049 /* [CP] Copy Pods Resources */ = {
			isa = PBXShellScriptBuildPhase;
			buildActionMask = 2147483647;
			files = (
			);
			inputPaths = (
			);
			name = "[CP] Copy Pods Resources";
			outputPaths = (
			);
			runOnlyForDeploymentPostprocessing = 0;
			shellPath = /bin/sh;
			shellScript = "\"${SRCROOT}/Pods/Target Support Files/Pods-BitTraderTests/Pods-BitTraderTests-resources.sh\"\n";
			showEnvVarsInLog = 0;
		};
		E921243AA0F99BE2038E4FE9 /* [CP] Copy Pods Resources */ = {
			isa = PBXShellScriptBuildPhase;
			buildActionMask = 2147483647;
			files = (
			);
			inputPaths = (
			);
			name = "[CP] Copy Pods Resources";
			outputPaths = (
			);
			runOnlyForDeploymentPostprocessing = 0;
			shellPath = /bin/sh;
			shellScript = "\"${SRCROOT}/Pods/Target Support Files/Pods-BitTrader/Pods-BitTrader-resources.sh\"\n";
			showEnvVarsInLog = 0;
		};
		EEAFFAC415AFBA7C04948340 /* [CP] Check Pods Manifest.lock */ = {
			isa = PBXShellScriptBuildPhase;
			buildActionMask = 2147483647;
			files = (
			);
			inputPaths = (
			);
			name = "[CP] Check Pods Manifest.lock";
			outputPaths = (
			);
			runOnlyForDeploymentPostprocessing = 0;
			shellPath = /bin/sh;
			shellScript = "diff \"${PODS_ROOT}/../Podfile.lock\" \"${PODS_ROOT}/Manifest.lock\" > /dev/null\nif [[ $? != 0 ]] ; then\n    cat << EOM\nerror: The sandbox is not in sync with the Podfile.lock. Run 'pod install' or update your CocoaPods installation.\nEOM\n    exit 1\nfi\n";
			showEnvVarsInLog = 0;
		};
/* End PBXShellScriptBuildPhase section */

/* Begin PBXSourcesBuildPhase section */
		07BD51EF1DA3DECD00DA54B8 /* Sources */ = {
			isa = PBXSourcesBuildPhase;
			buildActionMask = 2147483647;
			files = (
				BA4FA23F1DDDF695001038E5 /* BitflyerGetPositionsResponse.swift in Sources */,
				07BDF9B81DD1F55E006C99CA /* PagerViewController.swift in Sources */,
				BA9672931DDCBE2900AB6384 /* ApiExecuterProtocol.swift in Sources */,
				07932C711DBD023100E38530 /* RateViewModel.swift in Sources */,
				072441881DACBEB40059E872 /* RegistKeyViewModel.swift in Sources */,
				07AFA1761DD84E9600A8B981 /* OrderListReducer.swift in Sources */,
				07069C9F1DE16DCF002CEC31 /* BitflyerSendChildOrderRequest.swift in Sources */,
				07069CB01DE19C64002CEC31 /* BitflyerGetBalanceRequestParameter.swift in Sources */,
				07097DD51DC8C8CF00A08EEA /* StringUtils.swift in Sources */,
				BA76BE631DDF2CAB005514AC /* BtcBoxTickerResponse.swift in Sources */,
				BA76BE701DDF2FEE005514AC /* BitflyerTickerRequest.swift in Sources */,
				072441B01DADFA570059E872 /* Protocol.swift in Sources */,
				073A01CE1DDB3644001F6E9D /* PlusMinusInputField+Rx.swift in Sources */,
				0724419E1DACCA230059E872 /* BitTraderTabViewController.swift in Sources */,
				07AFA1791DD8571400A8B981 /* OrderListTableViewCell.swift in Sources */,
				BAD390241DDF8D38001FA3F5 /* KrakenTickerModel.swift in Sources */,
				07AFA1741DD84DE200A8B981 /* OrderListAction.swift in Sources */,
				BA4FA21E1DDDF25B001038E5 /* ApiKitApiExecuter.swift in Sources */,
				072441861DACBEB40059E872 /* RegistKeyViewController.swift in Sources */,
				07BDF9BD1DD370A5006C99CA /* OrderListViewController.swift in Sources */,
				BA76BE741DDF30EF005514AC /* CoincheckRequest.swift in Sources */,
				07B854551DB1C11F009E3181 /* BTCChangerViewModel.swift in Sources */,
				BA76BE6C1DDF2F32005514AC /* CoincheckTickerRequest.swift in Sources */,
				07C7CC591DD4B50E00F7A398 /* OrderListState.swift in Sources */,
				07BD522A1DA3E4AE00DA54B8 /* AppDelegate.swift in Sources */,
				07DCBF2C1DCB734800B60008 /* PositionListViewModel.swift in Sources */,
				07069CAA1DE17EAA002CEC31 /* BitflyerCancelChildOrderParameter.swift in Sources */,
				07DCBF2F1DCB737600B60008 /* PositionTableViewCell.swift in Sources */,
				BA4FA2351DDDF65B001038E5 /* BitflyerGetHealthResponse.swift in Sources */,
				07069CA31DE17333002CEC31 /* BitflyerSendChildOrderRequestParameter.swift in Sources */,
				07932C681DBCDD6600E38530 /* RateListViewController.swift in Sources */,
				07B8545A1DB1DCE8009E3181 /* NumberPadViewController.swift in Sources */,
				07B8545D1DB1ECEF009E3181 /* NumberPadAction.swift in Sources */,
				BA699AE81DD0D5F6007B650F /* NumberPadViewController+Rx.swift in Sources */,
				BA699AE61DD0D369007B650F /* RxNumberPadViewDelegateProxy.swift in Sources */,
				07FAE3291DA778E500089136 /* RootViewController.swift in Sources */,
				BA76BE591DDF2C44005514AC /* BtcBoxTickerRequest.swift in Sources */,
				BA4FA21F1DDDF25B001038E5 /* ApiKitApiExecuterProtocol.swift in Sources */,
				072441971DACC1FB0059E872 /* ReferenceRootViewController.swift in Sources */,
				07932C6B1DBCEEB300E38530 /* RateListViewModel.swift in Sources */,
				07932C741DBD035F00E38530 /* RateTableViewCell.swift in Sources */,
				07FAE3341DA7BA2500089136 /* AppStatus.swift in Sources */,
				BA76BE721DDF3007005514AC /* BitflyerTickerResponse.swift in Sources */,
				BA76BE491DDF2AF2005514AC /* BtcBoxRequest.swift in Sources */,
				073A01D01DDB3705001F6E9D /* RxPlusMinusInputFieldDelegateProxy.swift in Sources */,
				072B67411DAA7A0900F276AF /* Extension.swift in Sources */,
				BA4FA23E1DDDF695001038E5 /* BitflyerGetPositionsRequest.swift in Sources */,
				BA4FA2311DDDF654001038E5 /* BitflyerGetBoardResponse.swift in Sources */,
				BA76BE5B1DDF2C50005514AC /* KrakenTickerRequest.swift in Sources */,
				BA4FA2211DDDF262001038E5 /* ApiKitRequestProtocol.swift in Sources */,
				BA4FA2471DDDF69D001038E5 /* BitflyerGetChildOrdersResponse.swift in Sources */,
				BA4FA24E1DDDF6A4001038E5 /* BitflyerGetBalanceResponse.swift in Sources */,
				BA4FA22F1DDDF654001038E5 /* BitflyerGetBoardRequest.swift in Sources */,
				07069CAE1DE19C2D002CEC31 /* BitflyerTickerRequestParameter.swift in Sources */,
				BA4FA24D1DDDF6A4001038E5 /* BitflyerGetBalanceRequest.swift in Sources */,
				072441A51DADD5E90059E872 /* BTCChangerViewController.swift in Sources */,
				BA4FA2521DDDF6B0001038E5 /* BitTraderRequest.swift in Sources */,
				BA76BE4B1DDF2AFE005514AC /* ZaifRequest.swift in Sources */,
				BA76BE5D1DDF2C7F005514AC /* ZaifTickerRequest.swift in Sources */,
				07B854621DB24F83009E3181 /* IndentLabel.swift in Sources */,
				07B8545F1DB205DB009E3181 /* NumberPadState.swift in Sources */,
				BA4FA24C1DDDF6A4001038E5 /* BitflyerBalanceModel.swift in Sources */,
				BA76BE5F1DDF2C96005514AC /* ZaifTickerResponse.swift in Sources */,
				BAD390221DDF8C8D001FA3F5 /* ResultModel.swift in Sources */,
				BA76BE4D1DDF2B0D005514AC /* KrakenRequest.swift in Sources */,
				BA4FA23D1DDDF695001038E5 /* BitflyerGetPositionsParameter.swift in Sources */,
				072441931DACC1E70059E872 /* MenuRootViewController.swift in Sources */,
				BA4FA2301DDDF654001038E5 /* BitflyerGetBoardRequestParameter.swift in Sources */,
				07069CA61DE17E8D002CEC31 /* BitflyerCancelChildOrderRequest.swift in Sources */,
				BA4FA2401DDDF695001038E5 /* BitflyerPositionModel.swift in Sources */,
				BA76BE6D1DDF2F32005514AC /* CoincheckTickerResponse.swift in Sources */,
				BA4FA22E1DDDF654001038E5 /* BitflyerBoardModel.swift in Sources */,
				072441AA1DADD6F30059E872 /* MenuListViewController.swift in Sources */,
				BA4FA2451DDDF69D001038E5 /* BitflyerGetChildOrdersParameter.swift in Sources */,
				BA4FA2541DDDF6BA001038E5 /* BitflyerApiEnum.swift in Sources */,
				BA76BE611DDF2CA1005514AC /* KrakenTickerResponse.swift in Sources */,
				07DCBF291DCB718E00B60008 /* PositionListViewController.swift in Sources */,
				07069CA11DE16DDA002CEC31 /* BitflyerSendChildOrderResponse.swift in Sources */,
				0724418F1DACC1D40059E872 /* MarketRootViewController.swift in Sources */,
				BA4FA2341DDDF65B001038E5 /* BitflyerGetHealthRequest.swift in Sources */,
				BA4FA2481DDDF69D001038E5 /* BitflyerOrderModel.swift in Sources */,
				072441AD1DADD7080059E872 /* MenuListViewModel.swift in Sources */,
				BA4FA2461DDDF69D001038E5 /* BitflyerGetChildOrdersRequest.swift in Sources */,
				072441B31DAE03120059E872 /* PlusMinusInputField.swift in Sources */,
				BA51DEC31DCEE59800D5029B /* NumberPadViewController+RxCreate.swift in Sources */,
				07069CAC1DE19BD4002CEC31 /* BitflyerGetHealthRequestParameter.swift in Sources */,
				0724419B1DACC20A0059E872 /* TradeRootViewController.swift in Sources */,
				BA4FA2511DDDF6B0001038E5 /* BitTraderPrivateRequest.swift in Sources */,
				07069CA81DE17E99002CEC31 /* BitflyerCancelChildOrderResponse.swift in Sources */,
				BA9672851DDCBABC00AB6384 /* RequestProtocol.swift in Sources */,
				BA96728F1DDCBDEA00AB6384 /* Api.swift in Sources */,
			);
			runOnlyForDeploymentPostprocessing = 0;
		};
		07BD52031DA3DECD00DA54B8 /* Sources */ = {
			isa = PBXSourcesBuildPhase;
			buildActionMask = 2147483647;
			files = (
				07B854641DB25EAE009E3181 /* NumberPadStateTests.swift in Sources */,
			);
			runOnlyForDeploymentPostprocessing = 0;
		};
		07BD520E1DA3DECD00DA54B8 /* Sources */ = {
			isa = PBXSourcesBuildPhase;
			buildActionMask = 2147483647;
			files = (
				07BD52171DA3DECD00DA54B8 /* BitTraderUITests.swift in Sources */,
			);
			runOnlyForDeploymentPostprocessing = 0;
		};
/* End PBXSourcesBuildPhase section */

/* Begin PBXTargetDependency section */
		07BD52091DA3DECD00DA54B8 /* PBXTargetDependency */ = {
			isa = PBXTargetDependency;
			target = 07BD51F21DA3DECD00DA54B8 /* BitTrader */;
			targetProxy = 07BD52081DA3DECD00DA54B8 /* PBXContainerItemProxy */;
		};
		07BD52141DA3DECD00DA54B8 /* PBXTargetDependency */ = {
			isa = PBXTargetDependency;
			target = 07BD51F21DA3DECD00DA54B8 /* BitTrader */;
			targetProxy = 07BD52131DA3DECD00DA54B8 /* PBXContainerItemProxy */;
		};
/* End PBXTargetDependency section */

/* Begin PBXVariantGroup section */
		07BD51FF1DA3DECD00DA54B8 /* LaunchScreen.storyboard */ = {
			isa = PBXVariantGroup;
			children = (
				07BD52001DA3DECD00DA54B8 /* Base */,
			);
			name = LaunchScreen.storyboard;
			sourceTree = "<group>";
		};
/* End PBXVariantGroup section */

/* Begin XCBuildConfiguration section */
		07BD52191DA3DECD00DA54B8 /* Debug */ = {
			isa = XCBuildConfiguration;
			buildSettings = {
				ALWAYS_SEARCH_USER_PATHS = NO;
				CLANG_ANALYZER_NONNULL = YES;
				CLANG_CXX_LANGUAGE_STANDARD = "gnu++0x";
				CLANG_CXX_LIBRARY = "libc++";
				CLANG_ENABLE_MODULES = YES;
				CLANG_ENABLE_OBJC_ARC = YES;
				CLANG_WARN_BOOL_CONVERSION = YES;
				CLANG_WARN_CONSTANT_CONVERSION = YES;
				CLANG_WARN_DIRECT_OBJC_ISA_USAGE = YES_ERROR;
				CLANG_WARN_DOCUMENTATION_COMMENTS = YES;
				CLANG_WARN_EMPTY_BODY = YES;
				CLANG_WARN_ENUM_CONVERSION = YES;
				CLANG_WARN_INFINITE_RECURSION = YES;
				CLANG_WARN_INT_CONVERSION = YES;
				CLANG_WARN_OBJC_ROOT_CLASS = YES_ERROR;
				CLANG_WARN_SUSPICIOUS_MOVE = YES;
				CLANG_WARN_SUSPICIOUS_MOVES = YES;
				CLANG_WARN_UNREACHABLE_CODE = YES;
				CLANG_WARN__DUPLICATE_METHOD_MATCH = YES;
				CODE_SIGN_ENTITLEMENTS = BitTrader/Resources/BitTrader.entitlements;
				"CODE_SIGN_IDENTITY[sdk=iphoneos*]" = "iPhone Developer";
				COPY_PHASE_STRIP = NO;
				DEBUG_INFORMATION_FORMAT = dwarf;
				ENABLE_STRICT_OBJC_MSGSEND = YES;
				ENABLE_TESTABILITY = YES;
				GCC_C_LANGUAGE_STANDARD = gnu99;
				GCC_DYNAMIC_NO_PIC = NO;
				GCC_NO_COMMON_BLOCKS = YES;
				GCC_OPTIMIZATION_LEVEL = 0;
				GCC_PREPROCESSOR_DEFINITIONS = (
					"DEBUG=1",
					"$(inherited)",
				);
				GCC_WARN_64_TO_32_BIT_CONVERSION = YES;
				GCC_WARN_ABOUT_RETURN_TYPE = YES_ERROR;
				GCC_WARN_UNDECLARED_SELECTOR = YES;
				GCC_WARN_UNINITIALIZED_AUTOS = YES_AGGRESSIVE;
				GCC_WARN_UNUSED_FUNCTION = YES;
				GCC_WARN_UNUSED_VARIABLE = YES;
				IPHONEOS_DEPLOYMENT_TARGET = 10.0;
				MTL_ENABLE_DEBUG_INFO = YES;
				ONLY_ACTIVE_ARCH = YES;
				SDKROOT = iphoneos;
				SWIFT_ACTIVE_COMPILATION_CONDITIONS = DEBUG;
				SWIFT_OBJC_BRIDGING_HEADER = "$(SRCROOT)/$(PRODUCT)BitTrader/Classes/Bridging-Header.h";
				SWIFT_OPTIMIZATION_LEVEL = "-Onone";
			};
			name = Debug;
		};
		07BD521A1DA3DECD00DA54B8 /* Release */ = {
			isa = XCBuildConfiguration;
			buildSettings = {
				ALWAYS_SEARCH_USER_PATHS = NO;
				CLANG_ANALYZER_NONNULL = YES;
				CLANG_CXX_LANGUAGE_STANDARD = "gnu++0x";
				CLANG_CXX_LIBRARY = "libc++";
				CLANG_ENABLE_MODULES = YES;
				CLANG_ENABLE_OBJC_ARC = YES;
				CLANG_WARN_BOOL_CONVERSION = YES;
				CLANG_WARN_CONSTANT_CONVERSION = YES;
				CLANG_WARN_DIRECT_OBJC_ISA_USAGE = YES_ERROR;
				CLANG_WARN_DOCUMENTATION_COMMENTS = YES;
				CLANG_WARN_EMPTY_BODY = YES;
				CLANG_WARN_ENUM_CONVERSION = YES;
				CLANG_WARN_INFINITE_RECURSION = YES;
				CLANG_WARN_INT_CONVERSION = YES;
				CLANG_WARN_OBJC_ROOT_CLASS = YES_ERROR;
				CLANG_WARN_SUSPICIOUS_MOVE = YES;
				CLANG_WARN_SUSPICIOUS_MOVES = YES;
				CLANG_WARN_UNREACHABLE_CODE = YES;
				CLANG_WARN__DUPLICATE_METHOD_MATCH = YES;
				CODE_SIGN_ENTITLEMENTS = BitTrader/Resources/BitTrader.entitlements;
				"CODE_SIGN_IDENTITY[sdk=iphoneos*]" = "iPhone Developer";
				COPY_PHASE_STRIP = NO;
				DEBUG_INFORMATION_FORMAT = "dwarf-with-dsym";
				ENABLE_NS_ASSERTIONS = NO;
				ENABLE_STRICT_OBJC_MSGSEND = YES;
				GCC_C_LANGUAGE_STANDARD = gnu99;
				GCC_NO_COMMON_BLOCKS = YES;
				GCC_WARN_64_TO_32_BIT_CONVERSION = YES;
				GCC_WARN_ABOUT_RETURN_TYPE = YES_ERROR;
				GCC_WARN_UNDECLARED_SELECTOR = YES;
				GCC_WARN_UNINITIALIZED_AUTOS = YES_AGGRESSIVE;
				GCC_WARN_UNUSED_FUNCTION = YES;
				GCC_WARN_UNUSED_VARIABLE = YES;
				IPHONEOS_DEPLOYMENT_TARGET = 10.0;
				MTL_ENABLE_DEBUG_INFO = NO;
				SDKROOT = iphoneos;
				SWIFT_OBJC_BRIDGING_HEADER = "$(SRCROOT)/$(PRODUCT)BitTrader/Classes/Bridging-Header.h";
				SWIFT_OPTIMIZATION_LEVEL = "-Owholemodule";
				VALIDATE_PRODUCT = YES;
			};
			name = Release;
		};
		07BD521C1DA3DECD00DA54B8 /* Debug */ = {
			isa = XCBuildConfiguration;
			baseConfigurationReference = A4915E65A73E188106ABD949 /* Pods-BitTrader.debug.xcconfig */;
			buildSettings = {
				ALWAYS_EMBED_SWIFT_STANDARD_LIBRARIES = YES;
				ASSETCATALOG_COMPILER_APPICON_NAME = AppIcon;
				CLANG_ENABLE_MODULES = YES;
				DEVELOPMENT_TEAM = ZYH5V292WC;
				INFOPLIST_FILE = BitTrader/Resources/Plist/Info.plist;
				LD_RUNPATH_SEARCH_PATHS = "$(inherited) @executable_path/Frameworks";
				PRODUCT_BUNDLE_IDENTIFIER = mt.ak.bittrader.BitTrader;
				PRODUCT_NAME = "$(TARGET_NAME)";
				SWIFT_OPTIMIZATION_LEVEL = "-Onone";
				SWIFT_VERSION = 3.0;
			};
			name = Debug;
		};
		07BD521D1DA3DECD00DA54B8 /* Release */ = {
			isa = XCBuildConfiguration;
			baseConfigurationReference = CC4B7FDBD26058AF1B3EC060 /* Pods-BitTrader.release.xcconfig */;
			buildSettings = {
				ALWAYS_EMBED_SWIFT_STANDARD_LIBRARIES = YES;
				ASSETCATALOG_COMPILER_APPICON_NAME = AppIcon;
				CLANG_ENABLE_MODULES = YES;
				DEVELOPMENT_TEAM = ZYH5V292WC;
				INFOPLIST_FILE = BitTrader/Resources/Plist/Info.plist;
				LD_RUNPATH_SEARCH_PATHS = "$(inherited) @executable_path/Frameworks";
				PRODUCT_BUNDLE_IDENTIFIER = mt.ak.bittrader.BitTrader;
				PRODUCT_NAME = "$(TARGET_NAME)";
				SWIFT_VERSION = 3.0;
			};
			name = Release;
		};
		07BD521F1DA3DECD00DA54B8 /* Debug */ = {
			isa = XCBuildConfiguration;
			baseConfigurationReference = C724E1701441F1D7C5862AD3 /* Pods-BitTraderTests.debug.xcconfig */;
			buildSettings = {
				ALWAYS_EMBED_SWIFT_STANDARD_LIBRARIES = YES;
				BUNDLE_LOADER = "$(TEST_HOST)";
				DEVELOPMENT_TEAM = ZYH5V292WC;
				INFOPLIST_FILE = BitTraderTests/Info.plist;
				LD_RUNPATH_SEARCH_PATHS = "$(inherited) @executable_path/Frameworks @loader_path/Frameworks";
				PRODUCT_BUNDLE_IDENTIFIER = mt.ak.bittrader.BitTraderTests;
				PRODUCT_NAME = "$(TARGET_NAME)";
				SWIFT_VERSION = 3.0;
				TEST_HOST = "$(BUILT_PRODUCTS_DIR)/BitTrader.app/BitTrader";
			};
			name = Debug;
		};
		07BD52201DA3DECD00DA54B8 /* Release */ = {
			isa = XCBuildConfiguration;
			baseConfigurationReference = CEFF4274892F4ACA1287631A /* Pods-BitTraderTests.release.xcconfig */;
			buildSettings = {
				ALWAYS_EMBED_SWIFT_STANDARD_LIBRARIES = YES;
				BUNDLE_LOADER = "$(TEST_HOST)";
				DEVELOPMENT_TEAM = ZYH5V292WC;
				INFOPLIST_FILE = BitTraderTests/Info.plist;
				LD_RUNPATH_SEARCH_PATHS = "$(inherited) @executable_path/Frameworks @loader_path/Frameworks";
				PRODUCT_BUNDLE_IDENTIFIER = mt.ak.bittrader.BitTraderTests;
				PRODUCT_NAME = "$(TARGET_NAME)";
				SWIFT_VERSION = 3.0;
				TEST_HOST = "$(BUILT_PRODUCTS_DIR)/BitTrader.app/BitTrader";
			};
			name = Release;
		};
		07BD52221DA3DECD00DA54B8 /* Debug */ = {
			isa = XCBuildConfiguration;
			buildSettings = {
				ALWAYS_EMBED_SWIFT_STANDARD_LIBRARIES = YES;
				DEVELOPMENT_TEAM = ZYH5V292WC;
				INFOPLIST_FILE = BitTraderUITests/Info.plist;
				LD_RUNPATH_SEARCH_PATHS = "$(inherited) @executable_path/Frameworks @loader_path/Frameworks";
				PRODUCT_BUNDLE_IDENTIFIER = mt.ak.bittrader.BitTraderUITests;
				PRODUCT_NAME = "$(TARGET_NAME)";
				SWIFT_VERSION = 3.0;
				TEST_TARGET_NAME = BitTrader;
			};
			name = Debug;
		};
		07BD52231DA3DECD00DA54B8 /* Release */ = {
			isa = XCBuildConfiguration;
			buildSettings = {
				ALWAYS_EMBED_SWIFT_STANDARD_LIBRARIES = YES;
				DEVELOPMENT_TEAM = ZYH5V292WC;
				INFOPLIST_FILE = BitTraderUITests/Info.plist;
				LD_RUNPATH_SEARCH_PATHS = "$(inherited) @executable_path/Frameworks @loader_path/Frameworks";
				PRODUCT_BUNDLE_IDENTIFIER = mt.ak.bittrader.BitTraderUITests;
				PRODUCT_NAME = "$(TARGET_NAME)";
				SWIFT_VERSION = 3.0;
				TEST_TARGET_NAME = BitTrader;
			};
			name = Release;
		};
/* End XCBuildConfiguration section */

/* Begin XCConfigurationList section */
		07BD51EE1DA3DECD00DA54B8 /* Build configuration list for PBXProject "BitTrader" */ = {
			isa = XCConfigurationList;
			buildConfigurations = (
				07BD52191DA3DECD00DA54B8 /* Debug */,
				07BD521A1DA3DECD00DA54B8 /* Release */,
			);
			defaultConfigurationIsVisible = 0;
			defaultConfigurationName = Release;
		};
		07BD521B1DA3DECD00DA54B8 /* Build configuration list for PBXNativeTarget "BitTrader" */ = {
			isa = XCConfigurationList;
			buildConfigurations = (
				07BD521C1DA3DECD00DA54B8 /* Debug */,
				07BD521D1DA3DECD00DA54B8 /* Release */,
			);
			defaultConfigurationIsVisible = 0;
			defaultConfigurationName = Release;
		};
		07BD521E1DA3DECD00DA54B8 /* Build configuration list for PBXNativeTarget "BitTraderTests" */ = {
			isa = XCConfigurationList;
			buildConfigurations = (
				07BD521F1DA3DECD00DA54B8 /* Debug */,
				07BD52201DA3DECD00DA54B8 /* Release */,
			);
			defaultConfigurationIsVisible = 0;
			defaultConfigurationName = Release;
		};
		07BD52211DA3DECD00DA54B8 /* Build configuration list for PBXNativeTarget "BitTraderUITests" */ = {
			isa = XCConfigurationList;
			buildConfigurations = (
				07BD52221DA3DECD00DA54B8 /* Debug */,
				07BD52231DA3DECD00DA54B8 /* Release */,
			);
			defaultConfigurationIsVisible = 0;
			defaultConfigurationName = Release;
		};
/* End XCConfigurationList section */
	};
	rootObject = 07BD51EB1DA3DECD00DA54B8 /* Project object */;
}
